// !$*UTF8*$!
{
	archiveVersion = 1;
	classes = {
	};
	objectVersion = 46;
	objects = {

/* Begin PBXBuildFile section */
		454AF450E9A8DD8B4FC7AEEF /* Pods_CoreData_Views_Collection_iosTests.framework in Frameworks */ = {isa = PBXBuildFile; fileRef = 63B94BE226C42BB6A98656EF /* Pods_CoreData_Views_Collection_iosTests.framework */; };
		55043F0F195B6B8E005543BC /* UIKit.framework in Frameworks */ = {isa = PBXBuildFile; fileRef = 55043F0E195B6B8E005543BC /* UIKit.framework */; };
		55043F1C195B7120005543BC /* CoreDataMultiTableViewController.m in Sources */ = {isa = PBXBuildFile; fileRef = 55043F13195B7120005543BC /* CoreDataMultiTableViewController.m */; };
		55043F1E195B7120005543BC /* CoreDataCollectionViewController.m in Sources */ = {isa = PBXBuildFile; fileRef = 55043F17195B7120005543BC /* CoreDataCollectionViewController.m */; };
		55043F1F195B7120005543BC /* CoreDataTableViewController.m in Sources */ = {isa = PBXBuildFile; fileRef = 55043F19195B7120005543BC /* CoreDataTableViewController.m */; };
		5552FE9D1ECE5FEF004B949F /* CoreDataGanttViewController.m in Sources */ = {isa = PBXBuildFile; fileRef = 5552FE9C1ECE5FEF004B949F /* CoreDataGanttViewController.m */; };
		55AEDC1E195B695D00711B85 /* Foundation.framework in Frameworks */ = {isa = PBXBuildFile; fileRef = 55AEDC1D195B695D00711B85 /* Foundation.framework */; };
		55AEDC2C195B695D00711B85 /* XCTest.framework in Frameworks */ = {isa = PBXBuildFile; fileRef = 55AEDC2B195B695D00711B85 /* XCTest.framework */; };
		55AEDC2D195B695D00711B85 /* Foundation.framework in Frameworks */ = {isa = PBXBuildFile; fileRef = 55AEDC1D195B695D00711B85 /* Foundation.framework */; };
		55AEDC2F195B695D00711B85 /* UIKit.framework in Frameworks */ = {isa = PBXBuildFile; fileRef = 55AEDC2E195B695D00711B85 /* UIKit.framework */; };
		55AEDC32195B695D00711B85 /* libCoreData-Views-Collection-ios.a in Frameworks */ = {isa = PBXBuildFile; fileRef = 55AEDC1A195B695D00711B85 /* libCoreData-Views-Collection-ios.a */; };
		55AEDC38195B695D00711B85 /* InfoPlist.strings in Resources */ = {isa = PBXBuildFile; fileRef = 55AEDC36195B695D00711B85 /* InfoPlist.strings */; };
		55AEDC3A195B695D00711B85 /* CoreData_Views_Collection_iosTests.m in Sources */ = {isa = PBXBuildFile; fileRef = 55AEDC39195B695D00711B85 /* CoreData_Views_Collection_iosTests.m */; };
		55AEDC44195B698E00711B85 /* CoreData.framework in Frameworks */ = {isa = PBXBuildFile; fileRef = 55AEDC43195B698E00711B85 /* CoreData.framework */; };
		55D3575A197C77EE004A4B4F /* CoreDataCollectionChange.m in Sources */ = {isa = PBXBuildFile; fileRef = 55D35755197C77EE004A4B4F /* CoreDataCollectionChange.m */; };
		55D3575B197C77EE004A4B4F /* CoreDataCollectionObjectChange.m in Sources */ = {isa = PBXBuildFile; fileRef = 55D35757197C77EE004A4B4F /* CoreDataCollectionObjectChange.m */; };
		55D3575C197C77EE004A4B4F /* CoreDataCollectionSectionChange.m in Sources */ = {isa = PBXBuildFile; fileRef = 55D35759197C77EE004A4B4F /* CoreDataCollectionSectionChange.m */; };
		55DA2BC3196F3D8000346AA0 /* UIView+FindFirstResponder.m in Sources */ = {isa = PBXBuildFile; fileRef = 55DA2BC0196F3D8000346AA0 /* UIView+FindFirstResponder.m */; };
		55DA2BC4196F3D8000346AA0 /* UIViewUtils.m in Sources */ = {isa = PBXBuildFile; fileRef = 55DA2BC2196F3D8000346AA0 /* UIViewUtils.m */; };
		DA2506CB2FA2C01AE4B92D1E /* Pods_CoreData_Views_Collection_ios.framework in Frameworks */ = {isa = PBXBuildFile; fileRef = DAAB6715389E3B2B0E49E69B /* Pods_CoreData_Views_Collection_ios.framework */; };
/* End PBXBuildFile section */

/* Begin PBXContainerItemProxy section */
		55AEDC30195B695D00711B85 /* PBXContainerItemProxy */ = {
			isa = PBXContainerItemProxy;
			containerPortal = 55AEDC12195B695D00711B85 /* Project object */;
			proxyType = 1;
			remoteGlobalIDString = 55AEDC19195B695D00711B85;
			remoteInfo = "CoreData-Views-Collection-ios";
		};
/* End PBXContainerItemProxy section */

/* Begin PBXCopyFilesBuildPhase section */
		55AEDC18195B695D00711B85 /* CopyFiles */ = {
			isa = PBXCopyFilesBuildPhase;
			buildActionMask = 2147483647;
			dstPath = "include/$(PRODUCT_NAME)";
			dstSubfolderSpec = 16;
			files = (
			);
			runOnlyForDeploymentPostprocessing = 0;
		};
/* End PBXCopyFilesBuildPhase section */

/* Begin PBXFileReference section */
		049BC600DCBD5D999D5B0442 /* Pods-CoreData-Views-Collection-iosTests.release.xcconfig */ = {isa = PBXFileReference; includeInIndex = 1; lastKnownFileType = text.xcconfig; name = "Pods-CoreData-Views-Collection-iosTests.release.xcconfig"; path = "Pods/Target Support Files/Pods-CoreData-Views-Collection-iosTests/Pods-CoreData-Views-Collection-iosTests.release.xcconfig"; sourceTree = "<group>"; };
		1938214379969C494AF5186E /* Pods-CoreData-Views-Collection-ios.debug.xcconfig */ = {isa = PBXFileReference; includeInIndex = 1; lastKnownFileType = text.xcconfig; name = "Pods-CoreData-Views-Collection-ios.debug.xcconfig"; path = "Pods/Target Support Files/Pods-CoreData-Views-Collection-ios/Pods-CoreData-Views-Collection-ios.debug.xcconfig"; sourceTree = "<group>"; };
		38E1144F220624E65582ABAD /* Pods-CoreData-Views-Collection-ios.release.xcconfig */ = {isa = PBXFileReference; includeInIndex = 1; lastKnownFileType = text.xcconfig; name = "Pods-CoreData-Views-Collection-ios.release.xcconfig"; path = "Pods/Target Support Files/Pods-CoreData-Views-Collection-ios/Pods-CoreData-Views-Collection-ios.release.xcconfig"; sourceTree = "<group>"; };
		4C6D3C642E1FA23014FBB1A5 /* Pods-CoreData-Views-Collection-iosTests.debug.xcconfig */ = {isa = PBXFileReference; includeInIndex = 1; lastKnownFileType = text.xcconfig; name = "Pods-CoreData-Views-Collection-iosTests.debug.xcconfig"; path = "Pods/Target Support Files/Pods-CoreData-Views-Collection-iosTests/Pods-CoreData-Views-Collection-iosTests.debug.xcconfig"; sourceTree = "<group>"; };
		55043F0E195B6B8E005543BC /* UIKit.framework */ = {isa = PBXFileReference; lastKnownFileType = wrapper.framework; name = UIKit.framework; path = System/Library/Frameworks/UIKit.framework; sourceTree = SDKROOT; };
		55043F12195B7120005543BC /* CoreDataMultiTableViewController.h */ = {isa = PBXFileReference; fileEncoding = 4; lastKnownFileType = sourcecode.c.h; name = CoreDataMultiTableViewController.h; path = "CoreData-Views-Collection-ios/Classes/CoreDataMultiTableViewController.h"; sourceTree = SOURCE_ROOT; };
		55043F13195B7120005543BC /* CoreDataMultiTableViewController.m */ = {isa = PBXFileReference; fileEncoding = 4; lastKnownFileType = sourcecode.c.objc; name = CoreDataMultiTableViewController.m; path = "CoreData-Views-Collection-ios/Classes/CoreDataMultiTableViewController.m"; sourceTree = SOURCE_ROOT; };
		55043F16195B7120005543BC /* CoreDataCollectionViewController.h */ = {isa = PBXFileReference; fileEncoding = 4; lastKnownFileType = sourcecode.c.h; name = CoreDataCollectionViewController.h; path = "CoreData-Views-Collection-ios/Classes/CoreDataCollectionViewController.h"; sourceTree = SOURCE_ROOT; };
		55043F17195B7120005543BC /* CoreDataCollectionViewController.m */ = {isa = PBXFileReference; fileEncoding = 4; lastKnownFileType = sourcecode.c.objc; name = CoreDataCollectionViewController.m; path = "CoreData-Views-Collection-ios/Classes/CoreDataCollectionViewController.m"; sourceTree = SOURCE_ROOT; };
		55043F18195B7120005543BC /* CoreDataTableViewController.h */ = {isa = PBXFileReference; fileEncoding = 4; lastKnownFileType = sourcecode.c.h; name = CoreDataTableViewController.h; path = "CoreData-Views-Collection-ios/Classes/CoreDataTableViewController.h"; sourceTree = SOURCE_ROOT; };
		55043F19195B7120005543BC /* CoreDataTableViewController.m */ = {isa = PBXFileReference; fileEncoding = 4; lastKnownFileType = sourcecode.c.objc; name = CoreDataTableViewController.m; path = "CoreData-Views-Collection-ios/Classes/CoreDataTableViewController.m"; sourceTree = SOURCE_ROOT; };
		55043F1A195B7120005543BC /* CoreDataViewsCollectionLogging.h */ = {isa = PBXFileReference; fileEncoding = 4; lastKnownFileType = sourcecode.c.h; name = CoreDataViewsCollectionLogging.h; path = "CoreData-Views-Collection-ios/Classes/CoreDataViewsCollectionLogging.h"; sourceTree = SOURCE_ROOT; };
		5552FE9B1ECE5FEF004B949F /* CoreDataGanttViewController.h */ = {isa = PBXFileReference; fileEncoding = 4; lastKnownFileType = sourcecode.c.h; name = CoreDataGanttViewController.h; path = "CoreData-Views-Collection-ios/Classes/CoreDataGanttViewController.h"; sourceTree = SOURCE_ROOT; };
		5552FE9C1ECE5FEF004B949F /* CoreDataGanttViewController.m */ = {isa = PBXFileReference; fileEncoding = 4; lastKnownFileType = sourcecode.c.objc; name = CoreDataGanttViewController.m; path = "CoreData-Views-Collection-ios/Classes/CoreDataGanttViewController.m"; sourceTree = SOURCE_ROOT; };
		557CA5BD1DA52BDE004FF705 /* libCocoaLumberjack.a */ = {isa = PBXFileReference; lastKnownFileType = archive.ar; name = libCocoaLumberjack.a; path = "../../../../Library/Developer/Xcode/DerivedData/CoreData-Views-Collection-ios-fhgwwdrrsjargkfjzmbzmovkvdci/Build/Products/Debug-iphonesimulator/CocoaLumberjack/libCocoaLumberjack.a"; sourceTree = "<group>"; };
		557CA5BF1DA5444E004FF705 /* libCocoaLumberjack.a */ = {isa = PBXFileReference; lastKnownFileType = archive.ar; name = libCocoaLumberjack.a; path = "../../../../Library/Developer/Xcode/DerivedData/CoreData-Views-Collection-ios-fhgwwdrrsjargkfjzmbzmovkvdci/Build/Products/Release-iphonesimulator/CocoaLumberjack/libCocoaLumberjack.a"; sourceTree = "<group>"; };
		55AEDC1A195B695D00711B85 /* libCoreData-Views-Collection-ios.a */ = {isa = PBXFileReference; explicitFileType = archive.ar; includeInIndex = 0; path = "libCoreData-Views-Collection-ios.a"; sourceTree = BUILT_PRODUCTS_DIR; };
		55AEDC1D195B695D00711B85 /* Foundation.framework */ = {isa = PBXFileReference; lastKnownFileType = wrapper.framework; name = Foundation.framework; path = System/Library/Frameworks/Foundation.framework; sourceTree = SDKROOT; };
		55AEDC21195B695D00711B85 /* CoreData-Views-Collection-ios-Prefix.pch */ = {isa = PBXFileReference; lastKnownFileType = sourcecode.c.h; path = "CoreData-Views-Collection-ios-Prefix.pch"; sourceTree = "<group>"; };
		55AEDC2A195B695D00711B85 /* CoreData-Views-Collection-iosTests.xctest */ = {isa = PBXFileReference; explicitFileType = wrapper.cfbundle; includeInIndex = 0; path = "CoreData-Views-Collection-iosTests.xctest"; sourceTree = BUILT_PRODUCTS_DIR; };
		55AEDC2B195B695D00711B85 /* XCTest.framework */ = {isa = PBXFileReference; lastKnownFileType = wrapper.framework; name = XCTest.framework; path = Library/Frameworks/XCTest.framework; sourceTree = DEVELOPER_DIR; };
		55AEDC2E195B695D00711B85 /* UIKit.framework */ = {isa = PBXFileReference; lastKnownFileType = wrapper.framework; name = UIKit.framework; path = Library/Frameworks/UIKit.framework; sourceTree = DEVELOPER_DIR; };
		55AEDC35195B695D00711B85 /* CoreData-Views-Collection-iosTests-Info.plist */ = {isa = PBXFileReference; lastKnownFileType = text.plist.xml; path = "CoreData-Views-Collection-iosTests-Info.plist"; sourceTree = "<group>"; };
		55AEDC37195B695D00711B85 /* en */ = {isa = PBXFileReference; lastKnownFileType = text.plist.strings; name = en; path = en.lproj/InfoPlist.strings; sourceTree = "<group>"; };
		55AEDC39195B695D00711B85 /* CoreData_Views_Collection_iosTests.m */ = {isa = PBXFileReference; lastKnownFileType = sourcecode.c.objc; path = CoreData_Views_Collection_iosTests.m; sourceTree = "<group>"; };
		55AEDC43195B698E00711B85 /* CoreData.framework */ = {isa = PBXFileReference; lastKnownFileType = wrapper.framework; name = CoreData.framework; path = System/Library/Frameworks/CoreData.framework; sourceTree = SDKROOT; };
		55D35754197C77EE004A4B4F /* CoreDataCollectionChange.h */ = {isa = PBXFileReference; fileEncoding = 4; lastKnownFileType = sourcecode.c.h; path = CoreDataCollectionChange.h; sourceTree = SOURCE_ROOT; };
		55D35755197C77EE004A4B4F /* CoreDataCollectionChange.m */ = {isa = PBXFileReference; fileEncoding = 4; lastKnownFileType = sourcecode.c.objc; path = CoreDataCollectionChange.m; sourceTree = SOURCE_ROOT; };
		55D35756197C77EE004A4B4F /* CoreDataCollectionObjectChange.h */ = {isa = PBXFileReference; fileEncoding = 4; lastKnownFileType = sourcecode.c.h; path = CoreDataCollectionObjectChange.h; sourceTree = SOURCE_ROOT; };
		55D35757197C77EE004A4B4F /* CoreDataCollectionObjectChange.m */ = {isa = PBXFileReference; fileEncoding = 4; lastKnownFileType = sourcecode.c.objc; path = CoreDataCollectionObjectChange.m; sourceTree = SOURCE_ROOT; };
		55D35758197C77EE004A4B4F /* CoreDataCollectionSectionChange.h */ = {isa = PBXFileReference; fileEncoding = 4; lastKnownFileType = sourcecode.c.h; path = CoreDataCollectionSectionChange.h; sourceTree = SOURCE_ROOT; };
		55D35759197C77EE004A4B4F /* CoreDataCollectionSectionChange.m */ = {isa = PBXFileReference; fileEncoding = 4; lastKnownFileType = sourcecode.c.objc; path = CoreDataCollectionSectionChange.m; sourceTree = SOURCE_ROOT; };
		55DA2BBF196F3D8000346AA0 /* UIView+FindFirstResponder.h */ = {isa = PBXFileReference; fileEncoding = 4; lastKnownFileType = sourcecode.c.h; name = "UIView+FindFirstResponder.h"; path = "Classes/UIView+FindFirstResponder.h"; sourceTree = "<group>"; };
		55DA2BC0196F3D8000346AA0 /* UIView+FindFirstResponder.m */ = {isa = PBXFileReference; fileEncoding = 4; lastKnownFileType = sourcecode.c.objc; name = "UIView+FindFirstResponder.m"; path = "Classes/UIView+FindFirstResponder.m"; sourceTree = "<group>"; };
		55DA2BC1196F3D8000346AA0 /* UIViewUtils.h */ = {isa = PBXFileReference; fileEncoding = 4; lastKnownFileType = sourcecode.c.h; name = UIViewUtils.h; path = Classes/UIViewUtils.h; sourceTree = "<group>"; };
		55DA2BC2196F3D8000346AA0 /* UIViewUtils.m */ = {isa = PBXFileReference; fileEncoding = 4; lastKnownFileType = sourcecode.c.objc; name = UIViewUtils.m; path = Classes/UIViewUtils.m; sourceTree = "<group>"; };
		63B94BE226C42BB6A98656EF /* Pods_CoreData_Views_Collection_iosTests.framework */ = {isa = PBXFileReference; explicitFileType = wrapper.framework; includeInIndex = 0; path = Pods_CoreData_Views_Collection_iosTests.framework; sourceTree = BUILT_PRODUCTS_DIR; };
		DAAB6715389E3B2B0E49E69B /* Pods_CoreData_Views_Collection_ios.framework */ = {isa = PBXFileReference; explicitFileType = wrapper.framework; includeInIndex = 0; path = Pods_CoreData_Views_Collection_ios.framework; sourceTree = BUILT_PRODUCTS_DIR; };
/* End PBXFileReference section */

/* Begin PBXFrameworksBuildPhase section */
		55AEDC17195B695D00711B85 /* Frameworks */ = {
			isa = PBXFrameworksBuildPhase;
			buildActionMask = 2147483647;
			files = (
				55043F0F195B6B8E005543BC /* UIKit.framework in Frameworks */,
				55AEDC44195B698E00711B85 /* CoreData.framework in Frameworks */,
				55AEDC1E195B695D00711B85 /* Foundation.framework in Frameworks */,
				DA2506CB2FA2C01AE4B92D1E /* Pods_CoreData_Views_Collection_ios.framework in Frameworks */,
			);
			runOnlyForDeploymentPostprocessing = 0;
		};
		55AEDC27195B695D00711B85 /* Frameworks */ = {
			isa = PBXFrameworksBuildPhase;
			buildActionMask = 2147483647;
			files = (
				55AEDC2C195B695D00711B85 /* XCTest.framework in Frameworks */,
				55AEDC2F195B695D00711B85 /* UIKit.framework in Frameworks */,
				55AEDC2D195B695D00711B85 /* Foundation.framework in Frameworks */,
				55AEDC32195B695D00711B85 /* libCoreData-Views-Collection-ios.a in Frameworks */,
				454AF450E9A8DD8B4FC7AEEF /* Pods_CoreData_Views_Collection_iosTests.framework in Frameworks */,
			);
			runOnlyForDeploymentPostprocessing = 0;
		};
/* End PBXFrameworksBuildPhase section */

/* Begin PBXGroup section */
		1A6B0020CACB1CA3706E2C2A /* Changes */ = {
			isa = PBXGroup;
			children = (
				55D35754197C77EE004A4B4F /* CoreDataCollectionChange.h */,
				55D35755197C77EE004A4B4F /* CoreDataCollectionChange.m */,
				55D35756197C77EE004A4B4F /* CoreDataCollectionObjectChange.h */,
				55D35757197C77EE004A4B4F /* CoreDataCollectionObjectChange.m */,
				55D35758197C77EE004A4B4F /* CoreDataCollectionSectionChange.h */,
				55D35759197C77EE004A4B4F /* CoreDataCollectionSectionChange.m */,
			);
			name = Changes;
			sourceTree = "<group>";
		};
		55043EF8195B6A91005543BC /* Classes */ = {
			isa = PBXGroup;
			children = (
				1A6B0020CACB1CA3706E2C2A /* Changes */,
				55DA2BBE196F3D6800346AA0 /* Util */,
				55043F12195B7120005543BC /* CoreDataMultiTableViewController.h */,
				55043F13195B7120005543BC /* CoreDataMultiTableViewController.m */,
				55043F16195B7120005543BC /* CoreDataCollectionViewController.h */,
				55043F17195B7120005543BC /* CoreDataCollectionViewController.m */,
				55043F18195B7120005543BC /* CoreDataTableViewController.h */,
				55043F19195B7120005543BC /* CoreDataTableViewController.m */,
				55043F1A195B7120005543BC /* CoreDataViewsCollectionLogging.h */,
				5552FE9B1ECE5FEF004B949F /* CoreDataGanttViewController.h */,
				5552FE9C1ECE5FEF004B949F /* CoreDataGanttViewController.m */,
			);
			name = Classes;
			path = ../../Classes;
			sourceTree = "<group>";
		};
		55AEDC11195B695D00711B85 = {
			isa = PBXGroup;
			children = (
				55AEDC1F195B695D00711B85 /* CoreData-Views-Collection-ios */,
				55AEDC33195B695D00711B85 /* CoreData-Views-Collection-iosTests */,
				55AEDC1C195B695D00711B85 /* Frameworks */,
				55AEDC1B195B695D00711B85 /* Products */,
				978C872CFF0E76005C450B7D /* Pods */,
			);
			sourceTree = "<group>";
		};
		55AEDC1B195B695D00711B85 /* Products */ = {
			isa = PBXGroup;
			children = (
				55AEDC1A195B695D00711B85 /* libCoreData-Views-Collection-ios.a */,
				55AEDC2A195B695D00711B85 /* CoreData-Views-Collection-iosTests.xctest */,
			);
			name = Products;
			sourceTree = "<group>";
		};
		55AEDC1C195B695D00711B85 /* Frameworks */ = {
			isa = PBXGroup;
			children = (
				557CA5BF1DA5444E004FF705 /* libCocoaLumberjack.a */,
				557CA5BD1DA52BDE004FF705 /* libCocoaLumberjack.a */,
				55043F0E195B6B8E005543BC /* UIKit.framework */,
				55AEDC43195B698E00711B85 /* CoreData.framework */,
				55AEDC1D195B695D00711B85 /* Foundation.framework */,
				55AEDC2B195B695D00711B85 /* XCTest.framework */,
				55AEDC2E195B695D00711B85 /* UIKit.framework */,
				DAAB6715389E3B2B0E49E69B /* Pods_CoreData_Views_Collection_ios.framework */,
				63B94BE226C42BB6A98656EF /* Pods_CoreData_Views_Collection_iosTests.framework */,
			);
			name = Frameworks;
			sourceTree = "<group>";
		};
		55AEDC1F195B695D00711B85 /* CoreData-Views-Collection-ios */ = {
			isa = PBXGroup;
			children = (
				55043EF8195B6A91005543BC /* Classes */,
				55AEDC20195B695D00711B85 /* Supporting Files */,
			);
			path = "CoreData-Views-Collection-ios";
			sourceTree = "<group>";
		};
		55AEDC20195B695D00711B85 /* Supporting Files */ = {
			isa = PBXGroup;
			children = (
				55AEDC21195B695D00711B85 /* CoreData-Views-Collection-ios-Prefix.pch */,
			);
			name = "Supporting Files";
			sourceTree = "<group>";
		};
		55AEDC33195B695D00711B85 /* CoreData-Views-Collection-iosTests */ = {
			isa = PBXGroup;
			children = (
				55AEDC39195B695D00711B85 /* CoreData_Views_Collection_iosTests.m */,
				55AEDC34195B695D00711B85 /* Supporting Files */,
			);
			path = "CoreData-Views-Collection-iosTests";
			sourceTree = "<group>";
		};
		55AEDC34195B695D00711B85 /* Supporting Files */ = {
			isa = PBXGroup;
			children = (
				55AEDC35195B695D00711B85 /* CoreData-Views-Collection-iosTests-Info.plist */,
				55AEDC36195B695D00711B85 /* InfoPlist.strings */,
			);
			name = "Supporting Files";
			sourceTree = "<group>";
		};
		55DA2BBE196F3D6800346AA0 /* Util */ = {
			isa = PBXGroup;
			children = (
				55DA2BBF196F3D8000346AA0 /* UIView+FindFirstResponder.h */,
				55DA2BC0196F3D8000346AA0 /* UIView+FindFirstResponder.m */,
				55DA2BC1196F3D8000346AA0 /* UIViewUtils.h */,
				55DA2BC2196F3D8000346AA0 /* UIViewUtils.m */,
			);
			name = Util;
			path = "../coredata-views-collection-ios/CoreData-Views-Collection-ios";
			sourceTree = "<group>";
		};
		978C872CFF0E76005C450B7D /* Pods */ = {
			isa = PBXGroup;
			children = (
				1938214379969C494AF5186E /* Pods-CoreData-Views-Collection-ios.debug.xcconfig */,
				38E1144F220624E65582ABAD /* Pods-CoreData-Views-Collection-ios.release.xcconfig */,
				4C6D3C642E1FA23014FBB1A5 /* Pods-CoreData-Views-Collection-iosTests.debug.xcconfig */,
				049BC600DCBD5D999D5B0442 /* Pods-CoreData-Views-Collection-iosTests.release.xcconfig */,
			);
			name = Pods;
			sourceTree = "<group>";
		};
/* End PBXGroup section */

/* Begin PBXNativeTarget section */
		55AEDC19195B695D00711B85 /* CoreData-Views-Collection-ios */ = {
			isa = PBXNativeTarget;
			buildConfigurationList = 55AEDC3D195B695D00711B85 /* Build configuration list for PBXNativeTarget "CoreData-Views-Collection-ios" */;
			buildPhases = (
				16DFB677667D1A34AD4D4698 /* [CP] Check Pods Manifest.lock */,
				8ABD86C03F0770AB5C7A9586 /* [CP] Check Pods Manifest.lock */,
				55AEDC16195B695D00711B85 /* Sources */,
				55AEDC17195B695D00711B85 /* Frameworks */,
				55AEDC18195B695D00711B85 /* CopyFiles */,
				904C9E7FDF5FFF9DC8870D08 /* [CP] Copy Pods Resources */,
				1117D95F07BD97D3B2B4CCFE /* 📦 Copy Pods Resources */,
			);
			buildRules = (
			);
			dependencies = (
			);
			name = "CoreData-Views-Collection-ios";
			productName = "CoreData-Views-Collection-ios";
			productReference = 55AEDC1A195B695D00711B85 /* libCoreData-Views-Collection-ios.a */;
			productType = "com.apple.product-type.library.static";
		};
		55AEDC29195B695D00711B85 /* CoreData-Views-Collection-iosTests */ = {
			isa = PBXNativeTarget;
			buildConfigurationList = 55AEDC40195B695D00711B85 /* Build configuration list for PBXNativeTarget "CoreData-Views-Collection-iosTests" */;
			buildPhases = (
				8746C169DEBEBA2B2256BB95 /* [CP] Check Pods Manifest.lock */,
				9A646B5E03C0F687E4CBEA74 /* [CP] Check Pods Manifest.lock */,
				55AEDC26195B695D00711B85 /* Sources */,
				55AEDC27195B695D00711B85 /* Frameworks */,
				55AEDC28195B695D00711B85 /* Resources */,
				40A18A77F83940032C2AB015 /* [CP] Embed Pods Frameworks */,
				5C1864B0D64BF3660FBB3153 /* [CP] Copy Pods Resources */,
				FE47D8677A50BA6DBBABFBA3 /* 📦 Embed Pods Frameworks */,
				C7863816D36BE581A39CEBDA /* 📦 Copy Pods Resources */,
			);
			buildRules = (
			);
			dependencies = (
				55AEDC31195B695D00711B85 /* PBXTargetDependency */,
			);
			name = "CoreData-Views-Collection-iosTests";
			productName = "CoreData-Views-Collection-iosTests";
			productReference = 55AEDC2A195B695D00711B85 /* CoreData-Views-Collection-iosTests.xctest */;
			productType = "com.apple.product-type.bundle.unit-test";
		};
/* End PBXNativeTarget section */

/* Begin PBXProject section */
		55AEDC12195B695D00711B85 /* Project object */ = {
			isa = PBXProject;
			attributes = {
				LastUpgradeCheck = 0510;
				ORGANIZATIONNAME = GenieBelt;
			};
			buildConfigurationList = 55AEDC15195B695D00711B85 /* Build configuration list for PBXProject "CoreData-Views-Collection-ios" */;
			compatibilityVersion = "Xcode 3.2";
			developmentRegion = English;
			hasScannedForEncodings = 0;
			knownRegions = (
				en,
			);
			mainGroup = 55AEDC11195B695D00711B85;
			productRefGroup = 55AEDC1B195B695D00711B85 /* Products */;
			projectDirPath = "";
			projectRoot = "";
			targets = (
				55AEDC19195B695D00711B85 /* CoreData-Views-Collection-ios */,
				55AEDC29195B695D00711B85 /* CoreData-Views-Collection-iosTests */,
			);
		};
/* End PBXProject section */

/* Begin PBXResourcesBuildPhase section */
		55AEDC28195B695D00711B85 /* Resources */ = {
			isa = PBXResourcesBuildPhase;
			buildActionMask = 2147483647;
			files = (
				55AEDC38195B695D00711B85 /* InfoPlist.strings in Resources */,
			);
			runOnlyForDeploymentPostprocessing = 0;
		};
/* End PBXResourcesBuildPhase section */

/* Begin PBXShellScriptBuildPhase section */
		1117D95F07BD97D3B2B4CCFE /* 📦 Copy Pods Resources */ = {
			isa = PBXShellScriptBuildPhase;
			buildActionMask = 2147483647;
			files = (
			);
			inputPaths = (
			);
			name = "📦 Copy Pods Resources";
			outputPaths = (
			);
			runOnlyForDeploymentPostprocessing = 0;
			shellPath = /bin/sh;
			shellScript = "\"${SRCROOT}/Pods/Target Support Files/Pods-CoreData-Views-Collection-ios/Pods-CoreData-Views-Collection-ios-resources.sh\"\n";
			showEnvVarsInLog = 0;
		};
		16DFB677667D1A34AD4D4698 /* [CP] Check Pods Manifest.lock */ = {
			isa = PBXShellScriptBuildPhase;
			buildActionMask = 2147483647;
			files = (
			);
			inputPaths = (
				"${PODS_PODFILE_DIR_PATH}/Podfile.lock",
				"${PODS_ROOT}/Manifest.lock",
			);
			name = "[CP] Check Pods Manifest.lock";
			outputPaths = (
				"$(DERIVED_FILE_DIR)/Pods-CoreData-Views-Collection-ios-checkManifestLockResult.txt",
			);
			runOnlyForDeploymentPostprocessing = 0;
			shellPath = /bin/sh;
			shellScript = "diff \"${PODS_PODFILE_DIR_PATH}/Podfile.lock\" \"${PODS_ROOT}/Manifest.lock\" > /dev/null\nif [ $? != 0 ] ; then\n    # print error to STDERR\n    echo \"error: The sandbox is not in sync with the Podfile.lock. Run 'pod install' or update your CocoaPods installation.\" >&2\n    exit 1\nfi\n# This output is used by Xcode 'outputs' to avoid re-running this script phase.\necho \"SUCCESS\" > \"${SCRIPT_OUTPUT_FILE_0}\"\n";
			showEnvVarsInLog = 0;
		};
		40A18A77F83940032C2AB015 /* [CP] Embed Pods Frameworks */ = {
			isa = PBXShellScriptBuildPhase;
			buildActionMask = 2147483647;
			files = (
			);
			inputPaths = (
				"${SRCROOT}/Pods/Target Support Files/Pods-CoreData-Views-Collection-iosTests/Pods-CoreData-Views-Collection-iosTests-frameworks.sh",
				"${BUILT_PRODUCTS_DIR}/CocoaLumberjack/CocoaLumberjack.framework",
				"${BUILT_PRODUCTS_DIR}/DateTools/DateTools.framework",
				"${BUILT_PRODUCTS_DIR}/Gb-Gantt/Gb_Gantt.framework",
				"${BUILT_PRODUCTS_DIR}/LifetimeTracker/LifetimeTracker.framework",
			);
			name = "[CP] Embed Pods Frameworks";
			outputPaths = (
				"${TARGET_BUILD_DIR}/${FRAMEWORKS_FOLDER_PATH}/CocoaLumberjack.framework",
				"${TARGET_BUILD_DIR}/${FRAMEWORKS_FOLDER_PATH}/DateTools.framework",
				"${TARGET_BUILD_DIR}/${FRAMEWORKS_FOLDER_PATH}/Gb_Gantt.framework",
				"${TARGET_BUILD_DIR}/${FRAMEWORKS_FOLDER_PATH}/LifetimeTracker.framework",
			);
			runOnlyForDeploymentPostprocessing = 0;
			shellPath = /bin/sh;
			shellScript = "\"${SRCROOT}/Pods/Target Support Files/Pods-CoreData-Views-Collection-iosTests/Pods-CoreData-Views-Collection-iosTests-frameworks.sh\"\n";
			showEnvVarsInLog = 0;
		};
		5C1864B0D64BF3660FBB3153 /* [CP] Copy Pods Resources */ = {
			isa = PBXShellScriptBuildPhase;
			buildActionMask = 2147483647;
			files = (
			);
			inputPaths = (
			);
			name = "[CP] Copy Pods Resources";
			outputPaths = (
			);
			runOnlyForDeploymentPostprocessing = 0;
			shellPath = /bin/sh;
			shellScript = "\"${SRCROOT}/Pods/Target Support Files/Pods-CoreData-Views-Collection-iosTests/Pods-CoreData-Views-Collection-iosTests-resources.sh\"\n";
			showEnvVarsInLog = 0;
		};
		8746C169DEBEBA2B2256BB95 /* [CP] Check Pods Manifest.lock */ = {
			isa = PBXShellScriptBuildPhase;
			buildActionMask = 2147483647;
			files = (
			);
			inputPaths = (
				"${PODS_PODFILE_DIR_PATH}/Podfile.lock",
				"${PODS_ROOT}/Manifest.lock",
			);
			name = "[CP] Check Pods Manifest.lock";
			outputPaths = (
				"$(DERIVED_FILE_DIR)/Pods-CoreData-Views-Collection-iosTests-checkManifestLockResult.txt",
			);
			runOnlyForDeploymentPostprocessing = 0;
			shellPath = /bin/sh;
			shellScript = "diff \"${PODS_PODFILE_DIR_PATH}/Podfile.lock\" \"${PODS_ROOT}/Manifest.lock\" > /dev/null\nif [ $? != 0 ] ; then\n    # print error to STDERR\n    echo \"error: The sandbox is not in sync with the Podfile.lock. Run 'pod install' or update your CocoaPods installation.\" >&2\n    exit 1\nfi\n# This output is used by Xcode 'outputs' to avoid re-running this script phase.\necho \"SUCCESS\" > \"${SCRIPT_OUTPUT_FILE_0}\"\n";
			showEnvVarsInLog = 0;
		};
		8ABD86C03F0770AB5C7A9586 /* [CP] Check Pods Manifest.lock */ = {
			isa = PBXShellScriptBuildPhase;
			buildActionMask = 2147483647;
			files = (
			);
			inputPaths = (
			);
			name = "[CP] Check Pods Manifest.lock";
			outputPaths = (
			);
			runOnlyForDeploymentPostprocessing = 0;
			shellPath = /bin/sh;
			shellScript = "diff \"${PODS_ROOT}/../Podfile.lock\" \"${PODS_ROOT}/Manifest.lock\" > /dev/null\nif [ $? != 0 ] ; then\n    # print error to STDERR\n    echo \"error: The sandbox is not in sync with the Podfile.lock. Run 'pod install' or update your CocoaPods installation.\" >&2\n    exit 1\nfi\n";
			showEnvVarsInLog = 0;
		};
		904C9E7FDF5FFF9DC8870D08 /* [CP] Copy Pods Resources */ = {
			isa = PBXShellScriptBuildPhase;
			buildActionMask = 2147483647;
			files = (
			);
			inputPaths = (
			);
			name = "[CP] Copy Pods Resources";
			outputPaths = (
			);
			runOnlyForDeploymentPostprocessing = 0;
			shellPath = /bin/sh;
			shellScript = "\"${SRCROOT}/Pods/Target Support Files/Pods-CoreData-Views-Collection-ios/Pods-CoreData-Views-Collection-ios-resources.sh\"\n";
			showEnvVarsInLog = 0;
		};
		9A646B5E03C0F687E4CBEA74 /* [CP] Check Pods Manifest.lock */ = {
			isa = PBXShellScriptBuildPhase;
			buildActionMask = 2147483647;
			files = (
			);
			inputPaths = (
			);
			name = "[CP] Check Pods Manifest.lock";
			outputPaths = (
			);
			runOnlyForDeploymentPostprocessing = 0;
			shellPath = /bin/sh;
			shellScript = "diff \"${PODS_ROOT}/../Podfile.lock\" \"${PODS_ROOT}/Manifest.lock\" > /dev/null\nif [ $? != 0 ] ; then\n    # print error to STDERR\n    echo \"error: The sandbox is not in sync with the Podfile.lock. Run 'pod install' or update your CocoaPods installation.\" >&2\n    exit 1\nfi\n";
			showEnvVarsInLog = 0;
		};
		C7863816D36BE581A39CEBDA /* 📦 Copy Pods Resources */ = {
			isa = PBXShellScriptBuildPhase;
			buildActionMask = 2147483647;
			files = (
			);
			inputPaths = (
			);
			name = "📦 Copy Pods Resources";
			outputPaths = (
			);
			runOnlyForDeploymentPostprocessing = 0;
			shellPath = /bin/sh;
			shellScript = "\"${SRCROOT}/Pods/Target Support Files/Pods-CoreData-Views-Collection-iosTests/Pods-CoreData-Views-Collection-iosTests-resources.sh\"\n";
			showEnvVarsInLog = 0;
		};
		FE47D8677A50BA6DBBABFBA3 /* 📦 Embed Pods Frameworks */ = {
			isa = PBXShellScriptBuildPhase;
			buildActionMask = 2147483647;
			files = (
			);
			inputPaths = (
			);
			name = "📦 Embed Pods Frameworks";
			outputPaths = (
			);
			runOnlyForDeploymentPostprocessing = 0;
			shellPath = /bin/sh;
			shellScript = "\"${SRCROOT}/Pods/Target Support Files/Pods-CoreData-Views-Collection-iosTests/Pods-CoreData-Views-Collection-iosTests-frameworks.sh\"\n";
			showEnvVarsInLog = 0;
		};
/* End PBXShellScriptBuildPhase section */

/* Begin PBXSourcesBuildPhase section */
		55AEDC16195B695D00711B85 /* Sources */ = {
			isa = PBXSourcesBuildPhase;
			buildActionMask = 2147483647;
			files = (
				55043F1C195B7120005543BC /* CoreDataMultiTableViewController.m in Sources */,
				55DA2BC3196F3D8000346AA0 /* UIView+FindFirstResponder.m in Sources */,
				55D3575A197C77EE004A4B4F /* CoreDataCollectionChange.m in Sources */,
				55DA2BC4196F3D8000346AA0 /* UIViewUtils.m in Sources */,
				5552FE9D1ECE5FEF004B949F /* CoreDataGanttViewController.m in Sources */,
				55D3575C197C77EE004A4B4F /* CoreDataCollectionSectionChange.m in Sources */,
				55043F1F195B7120005543BC /* CoreDataTableViewController.m in Sources */,
				55043F1E195B7120005543BC /* CoreDataCollectionViewController.m in Sources */,
				55D3575B197C77EE004A4B4F /* CoreDataCollectionObjectChange.m in Sources */,
			);
			runOnlyForDeploymentPostprocessing = 0;
		};
		55AEDC26195B695D00711B85 /* Sources */ = {
			isa = PBXSourcesBuildPhase;
			buildActionMask = 2147483647;
			files = (
				55AEDC3A195B695D00711B85 /* CoreData_Views_Collection_iosTests.m in Sources */,
			);
			runOnlyForDeploymentPostprocessing = 0;
		};
/* End PBXSourcesBuildPhase section */

/* Begin PBXTargetDependency section */
		55AEDC31195B695D00711B85 /* PBXTargetDependency */ = {
			isa = PBXTargetDependency;
			target = 55AEDC19195B695D00711B85 /* CoreData-Views-Collection-ios */;
			targetProxy = 55AEDC30195B695D00711B85 /* PBXContainerItemProxy */;
		};
/* End PBXTargetDependency section */

/* Begin PBXVariantGroup section */
		55AEDC36195B695D00711B85 /* InfoPlist.strings */ = {
			isa = PBXVariantGroup;
			children = (
				55AEDC37195B695D00711B85 /* en */,
			);
			name = InfoPlist.strings;
			sourceTree = "<group>";
		};
/* End PBXVariantGroup section */

/* Begin XCBuildConfiguration section */
		55AEDC3B195B695D00711B85 /* Debug */ = {
			isa = XCBuildConfiguration;
			buildSettings = {
				ALWAYS_SEARCH_USER_PATHS = NO;
				CLANG_CXX_LANGUAGE_STANDARD = "gnu++0x";
				CLANG_CXX_LIBRARY = "libc++";
				CLANG_ENABLE_MODULES = YES;
				CLANG_ENABLE_OBJC_ARC = YES;
				CLANG_WARN_BOOL_CONVERSION = YES;
				CLANG_WARN_CONSTANT_CONVERSION = YES;
				CLANG_WARN_DIRECT_OBJC_ISA_USAGE = YES_ERROR;
				CLANG_WARN_EMPTY_BODY = YES;
				CLANG_WARN_ENUM_CONVERSION = YES;
				CLANG_WARN_INT_CONVERSION = YES;
				CLANG_WARN_OBJC_ROOT_CLASS = YES_ERROR;
				CLANG_WARN__DUPLICATE_METHOD_MATCH = YES;
				COPY_PHASE_STRIP = NO;
				GCC_C_LANGUAGE_STANDARD = gnu99;
				GCC_DYNAMIC_NO_PIC = NO;
				GCC_OPTIMIZATION_LEVEL = 0;
				GCC_PREPROCESSOR_DEFINITIONS = (
					"DEBUG=1",
					"$(inherited)",
				);
				GCC_SYMBOLS_PRIVATE_EXTERN = NO;
				GCC_WARN_64_TO_32_BIT_CONVERSION = YES;
				GCC_WARN_ABOUT_RETURN_TYPE = YES_ERROR;
				GCC_WARN_UNDECLARED_SELECTOR = YES;
				GCC_WARN_UNINITIALIZED_AUTOS = YES_AGGRESSIVE;
				GCC_WARN_UNUSED_FUNCTION = YES;
				GCC_WARN_UNUSED_VARIABLE = YES;
				IPHONEOS_DEPLOYMENT_TARGET = 7.1;
				ONLY_ACTIVE_ARCH = YES;
				SDKROOT = iphoneos;
			};
			name = Debug;
		};
		55AEDC3C195B695D00711B85 /* Release */ = {
			isa = XCBuildConfiguration;
			buildSettings = {
				ALWAYS_SEARCH_USER_PATHS = NO;
				CLANG_CXX_LANGUAGE_STANDARD = "gnu++0x";
				CLANG_CXX_LIBRARY = "libc++";
				CLANG_ENABLE_MODULES = YES;
				CLANG_ENABLE_OBJC_ARC = YES;
				CLANG_WARN_BOOL_CONVERSION = YES;
				CLANG_WARN_CONSTANT_CONVERSION = YES;
				CLANG_WARN_DIRECT_OBJC_ISA_USAGE = YES_ERROR;
				CLANG_WARN_EMPTY_BODY = YES;
				CLANG_WARN_ENUM_CONVERSION = YES;
				CLANG_WARN_INT_CONVERSION = YES;
				CLANG_WARN_OBJC_ROOT_CLASS = YES_ERROR;
				CLANG_WARN__DUPLICATE_METHOD_MATCH = YES;
				COPY_PHASE_STRIP = YES;
				ENABLE_NS_ASSERTIONS = NO;
				GCC_C_LANGUAGE_STANDARD = gnu99;
				GCC_WARN_64_TO_32_BIT_CONVERSION = YES;
				GCC_WARN_ABOUT_RETURN_TYPE = YES_ERROR;
				GCC_WARN_UNDECLARED_SELECTOR = YES;
				GCC_WARN_UNINITIALIZED_AUTOS = YES_AGGRESSIVE;
				GCC_WARN_UNUSED_FUNCTION = YES;
				GCC_WARN_UNUSED_VARIABLE = YES;
				IPHONEOS_DEPLOYMENT_TARGET = 7.1;
				SDKROOT = iphoneos;
				VALIDATE_PRODUCT = YES;
			};
			name = Release;
		};
		55AEDC3E195B695D00711B85 /* Debug */ = {
			isa = XCBuildConfiguration;
			baseConfigurationReference = 1938214379969C494AF5186E /* Pods-CoreData-Views-Collection-ios.debug.xcconfig */;
			buildSettings = {
				DSTROOT = /tmp/CoreData_Views_Collection_ios.dst;
				GCC_PRECOMPILE_PREFIX_HEADER = YES;
				GCC_PREFIX_HEADER = "CoreData-Views-Collection-ios/CoreData-Views-Collection-ios-Prefix.pch";
				PRODUCT_NAME = "$(TARGET_NAME)";
				SKIP_INSTALL = YES;
				USER_HEADER_SEARCH_PATHS = "\"${PROJECT_DIR}/Pods\"/**";
			};
			name = Debug;
		};
		55AEDC3F195B695D00711B85 /* Release */ = {
			isa = XCBuildConfiguration;
			baseConfigurationReference = 38E1144F220624E65582ABAD /* Pods-CoreData-Views-Collection-ios.release.xcconfig */;
			buildSettings = {
				DSTROOT = /tmp/CoreData_Views_Collection_ios.dst;
				GCC_PRECOMPILE_PREFIX_HEADER = YES;
				GCC_PREFIX_HEADER = "CoreData-Views-Collection-ios/CoreData-Views-Collection-ios-Prefix.pch";
				PRODUCT_NAME = "$(TARGET_NAME)";
				SKIP_INSTALL = YES;
				USER_HEADER_SEARCH_PATHS = "\"${PROJECT_DIR}/Pods\"/**";
			};
			name = Release;
		};
		55AEDC41195B695D00711B85 /* Debug */ = {
			isa = XCBuildConfiguration;
			baseConfigurationReference = 4C6D3C642E1FA23014FBB1A5 /* Pods-CoreData-Views-Collection-iosTests.debug.xcconfig */;
			buildSettings = {
				FRAMEWORK_SEARCH_PATHS = (
					"$(SDKROOT)/Developer/Library/Frameworks",
					"$(inherited)",
					"$(DEVELOPER_FRAMEWORKS_DIR)",
				);
				GCC_PRECOMPILE_PREFIX_HEADER = YES;
				GCC_PREFIX_HEADER = "CoreData-Views-Collection-ios/CoreData-Views-Collection-ios-Prefix.pch";
				GCC_PREPROCESSOR_DEFINITIONS = (
					"DEBUG=1",
					"$(inherited)",
				);
				INFOPLIST_FILE = "CoreData-Views-Collection-iosTests/CoreData-Views-Collection-iosTests-Info.plist";
				PRODUCT_NAME = "$(TARGET_NAME)";
				WRAPPER_EXTENSION = xctest;
			};
			name = Debug;
		};
		55AEDC42195B695D00711B85 /* Release */ = {
			isa = XCBuildConfiguration;
			baseConfigurationReference = 049BC600DCBD5D999D5B0442 /* Pods-CoreData-Views-Collection-iosTests.release.xcconfig */;
			buildSettings = {
				FRAMEWORK_SEARCH_PATHS = (
					"$(SDKROOT)/Developer/Library/Frameworks",
					"$(inherited)",
					"$(DEVELOPER_FRAMEWORKS_DIR)",
				);
				GCC_PRECOMPILE_PREFIX_HEADER = YES;
				GCC_PREFIX_HEADER = "CoreData-Views-Collection-ios/CoreData-Views-Collection-ios-Prefix.pch";
				INFOPLIST_FILE = "CoreData-Views-Collection-iosTests/CoreData-Views-Collection-iosTests-Info.plist";
				PRODUCT_NAME = "$(TARGET_NAME)";
				WRAPPER_EXTENSION = xctest;
			};
			name = Release;
		};
/* End XCBuildConfiguration section */

/* Begin XCConfigurationList section */
		55AEDC15195B695D00711B85 /* Build configuration list for PBXProject "CoreData-Views-Collection-ios" */ = {
			isa = XCConfigurationList;
			buildConfigurations = (
				55AEDC3B195B695D00711B85 /* Debug */,
				55AEDC3C195B695D00711B85 /* Release */,
			);
			defaultConfigurationIsVisible = 0;
			defaultConfigurationName = Release;
		};
		55AEDC3D195B695D00711B85 /* Build configuration list for PBXNativeTarget "CoreData-Views-Collection-ios" */ = {
			isa = XCConfigurationList;
			buildConfigurations = (
				55AEDC3E195B695D00711B85 /* Debug */,
				55AEDC3F195B695D00711B85 /* Release */,
			);
			defaultConfigurationIsVisible = 0;
			defaultConfigurationName = Release;
		};
		55AEDC40195B695D00711B85 /* Build configuration list for PBXNativeTarget "CoreData-Views-Collection-iosTests" */ = {
			isa = XCConfigurationList;
			buildConfigurations = (
				55AEDC41195B695D00711B85 /* Debug */,
				55AEDC42195B695D00711B85 /* Release */,
			);
			defaultConfigurationIsVisible = 0;
			defaultConfigurationName = Release;
		};
/* End XCConfigurationList section */
	};
	rootObject = 55AEDC12195B695D00711B85 /* Project object */;
}
