<?xml version="1.0" encoding="UTF-8"?>
<!DOCTYPE plist PUBLIC "-//Apple//DTD PLIST 1.0//EN" "http://www.apple.com/DTDs/PropertyList-1.0.dtd">
<plist version="1.0">
<dict>
	<key>archiveVersion</key>
	<string>1</string>
	<key>classes</key>
	<dict/>
	<key>objectVersion</key>
	<string>46</string>
	<key>objects</key>
	<dict>
		<key>049BC600DCBD5D999D5B0442</key>
		<dict>
			<key>includeInIndex</key>
			<string>1</string>
			<key>isa</key>
			<string>PBXFileReference</string>
			<key>lastKnownFileType</key>
			<string>text.xcconfig</string>
			<key>name</key>
			<string>Pods-CoreData-Views-Collection-iosTests.release.xcconfig</string>
			<key>path</key>
			<string>Pods/Target Support Files/Pods-CoreData-Views-Collection-iosTests/Pods-CoreData-Views-Collection-iosTests.release.xcconfig</string>
			<key>sourceTree</key>
			<string>&lt;group&gt;</string>
		</dict>
		<key>1938214379969C494AF5186E</key>
		<dict>
			<key>includeInIndex</key>
			<string>1</string>
			<key>isa</key>
			<string>PBXFileReference</string>
			<key>lastKnownFileType</key>
			<string>text.xcconfig</string>
			<key>name</key>
			<string>Pods-CoreData-Views-Collection-ios.debug.xcconfig</string>
			<key>path</key>
			<string>Pods/Target Support Files/Pods-CoreData-Views-Collection-ios/Pods-CoreData-Views-Collection-ios.debug.xcconfig</string>
			<key>sourceTree</key>
			<string>&lt;group&gt;</string>
		</dict>
		<key>1D3CD912828503DE5893C022</key>
		<dict>
			<key>explicitFileType</key>
			<string>archive.ar</string>
			<key>includeInIndex</key>
			<string>0</string>
			<key>isa</key>
			<string>PBXFileReference</string>
			<key>path</key>
			<string>libPods-CoreData-Views-Collection-ios.a</string>
			<key>sourceTree</key>
			<string>BUILT_PRODUCTS_DIR</string>
		</dict>
		<key>38E1144F220624E65582ABAD</key>
		<dict>
			<key>includeInIndex</key>
			<string>1</string>
			<key>isa</key>
			<string>PBXFileReference</string>
			<key>lastKnownFileType</key>
			<string>text.xcconfig</string>
			<key>name</key>
			<string>Pods-CoreData-Views-Collection-ios.release.xcconfig</string>
			<key>path</key>
			<string>Pods/Target Support Files/Pods-CoreData-Views-Collection-ios/Pods-CoreData-Views-Collection-ios.release.xcconfig</string>
			<key>sourceTree</key>
			<string>&lt;group&gt;</string>
		</dict>
		<key>40A18A77F83940032C2AB015</key>
		<dict>
			<key>buildActionMask</key>
			<string>2147483647</string>
			<key>files</key>
			<array/>
			<key>inputPaths</key>
			<array/>
			<key>isa</key>
			<string>PBXShellScriptBuildPhase</string>
			<key>name</key>
			<string>[CP] Embed Pods Frameworks</string>
			<key>outputPaths</key>
			<array/>
			<key>runOnlyForDeploymentPostprocessing</key>
			<string>0</string>
			<key>shellPath</key>
			<string>/bin/sh</string>
			<key>shellScript</key>
			<string>"${SRCROOT}/Pods/Target Support Files/Pods-CoreData-Views-Collection-iosTests/Pods-CoreData-Views-Collection-iosTests-frameworks.sh"
</string>
			<key>showEnvVarsInLog</key>
			<string>0</string>
		</dict>
		<key>448556154A0ACE95BCAB1157</key>
		<dict>
			<key>fileRef</key>
			<string>CC675583C7AB419E2035A485</string>
			<key>isa</key>
			<string>PBXBuildFile</string>
		</dict>
		<key>4C6D3C642E1FA23014FBB1A5</key>
		<dict>
			<key>includeInIndex</key>
			<string>1</string>
			<key>isa</key>
			<string>PBXFileReference</string>
			<key>lastKnownFileType</key>
			<string>text.xcconfig</string>
			<key>name</key>
			<string>Pods-CoreData-Views-Collection-iosTests.debug.xcconfig</string>
			<key>path</key>
			<string>Pods/Target Support Files/Pods-CoreData-Views-Collection-iosTests/Pods-CoreData-Views-Collection-iosTests.debug.xcconfig</string>
			<key>sourceTree</key>
			<string>&lt;group&gt;</string>
		</dict>
		<key>55043EF8195B6A91005543BC</key>
		<dict>
			<key>children</key>
			<array>
				<string>55D35754197C77EE004A4B4F</string>
				<string>55D35755197C77EE004A4B4F</string>
				<string>55D35756197C77EE004A4B4F</string>
				<string>55D35757197C77EE004A4B4F</string>
				<string>55D35758197C77EE004A4B4F</string>
				<string>55D35759197C77EE004A4B4F</string>
				<string>55043F10195B7120005543BC</string>
				<string>55043F11195B7120005543BC</string>
				<string>55043F12195B7120005543BC</string>
				<string>55043F13195B7120005543BC</string>
				<string>55043F14195B7120005543BC</string>
				<string>55043F15195B7120005543BC</string>
				<string>55043F16195B7120005543BC</string>
				<string>55043F17195B7120005543BC</string>
				<string>55043F18195B7120005543BC</string>
				<string>55043F19195B7120005543BC</string>
				<string>55043F1A195B7120005543BC</string>
			</array>
			<key>isa</key>
			<string>PBXGroup</string>
			<key>name</key>
			<string>Classes</string>
			<key>path</key>
			<string>../../Classes</string>
			<key>sourceTree</key>
			<string>&lt;group&gt;</string>
		</dict>
		<key>55043F0E195B6B8E005543BC</key>
		<dict>
			<key>isa</key>
			<string>PBXFileReference</string>
			<key>lastKnownFileType</key>
			<string>wrapper.framework</string>
			<key>name</key>
			<string>UIKit.framework</string>
			<key>path</key>
			<string>System/Library/Frameworks/UIKit.framework</string>
			<key>sourceTree</key>
			<string>SDKROOT</string>
		</dict>
		<key>55043F0F195B6B8E005543BC</key>
		<dict>
			<key>fileRef</key>
			<string>55043F0E195B6B8E005543BC</string>
			<key>isa</key>
			<string>PBXBuildFile</string>
		</dict>
		<key>55043F10195B7120005543BC</key>
		<dict>
			<key>fileEncoding</key>
			<string>4</string>
			<key>isa</key>
			<string>PBXFileReference</string>
			<key>lastKnownFileType</key>
			<string>sourcecode.c.h</string>
			<key>name</key>
			<string>CoreDataCollectionViewController.h</string>
			<key>path</key>
			<string>CoreData-Views-Collection-ios/Classes/CoreDataCollectionViewController.h</string>
			<key>sourceTree</key>
			<string>SOURCE_ROOT</string>
		</dict>
		<key>55043F11195B7120005543BC</key>
		<dict>
			<key>fileEncoding</key>
			<string>4</string>
			<key>isa</key>
			<string>PBXFileReference</string>
			<key>lastKnownFileType</key>
			<string>sourcecode.c.objc</string>
			<key>name</key>
			<string>CoreDataCollectionViewController.m</string>
			<key>path</key>
			<string>CoreData-Views-Collection-ios/Classes/CoreDataCollectionViewController.m</string>
			<key>sourceTree</key>
			<string>SOURCE_ROOT</string>
		</dict>
		<key>55043F12195B7120005543BC</key>
		<dict>
			<key>fileEncoding</key>
			<string>4</string>
			<key>isa</key>
			<string>PBXFileReference</string>
			<key>lastKnownFileType</key>
			<string>sourcecode.c.h</string>
			<key>name</key>
			<string>CoreDataMultiTableViewController.h</string>
			<key>path</key>
			<string>CoreData-Views-Collection-ios/Classes/CoreDataMultiTableViewController.h</string>
			<key>sourceTree</key>
			<string>SOURCE_ROOT</string>
		</dict>
		<key>55043F13195B7120005543BC</key>
		<dict>
			<key>fileEncoding</key>
			<string>4</string>
			<key>isa</key>
			<string>PBXFileReference</string>
			<key>lastKnownFileType</key>
			<string>sourcecode.c.objc</string>
			<key>name</key>
			<string>CoreDataMultiTableViewController.m</string>
			<key>path</key>
			<string>CoreData-Views-Collection-ios/Classes/CoreDataMultiTableViewController.m</string>
			<key>sourceTree</key>
			<string>SOURCE_ROOT</string>
		</dict>
		<key>55043F14195B7120005543BC</key>
		<dict>
			<key>fileEncoding</key>
			<string>4</string>
			<key>isa</key>
			<string>PBXFileReference</string>
			<key>lastKnownFileType</key>
			<string>sourcecode.c.h</string>
			<key>name</key>
			<string>CoreDataTableViewController.h</string>
			<key>path</key>
			<string>CoreData-Views-Collection-ios/Classes/CoreDataTableViewController.h</string>
			<key>sourceTree</key>
			<string>SOURCE_ROOT</string>
		</dict>
		<key>55043F15195B7120005543BC</key>
		<dict>
			<key>fileEncoding</key>
			<string>4</string>
			<key>isa</key>
			<string>PBXFileReference</string>
			<key>lastKnownFileType</key>
			<string>sourcecode.c.objc</string>
			<key>name</key>
			<string>CoreDataTableViewController.m</string>
			<key>path</key>
			<string>CoreData-Views-Collection-ios/Classes/CoreDataTableViewController.m</string>
			<key>sourceTree</key>
			<string>SOURCE_ROOT</string>
		</dict>
		<key>55043F16195B7120005543BC</key>
		<dict>
			<key>fileEncoding</key>
			<string>4</string>
			<key>isa</key>
			<string>PBXFileReference</string>
			<key>lastKnownFileType</key>
			<string>sourcecode.c.h</string>
			<key>name</key>
			<string>CoreDataViewCollectionController.h</string>
			<key>path</key>
			<string>CoreData-Views-Collection-ios/Classes/CoreDataViewCollectionController.h</string>
			<key>sourceTree</key>
			<string>SOURCE_ROOT</string>
		</dict>
		<key>55043F17195B7120005543BC</key>
		<dict>
			<key>fileEncoding</key>
			<string>4</string>
			<key>isa</key>
			<string>PBXFileReference</string>
			<key>lastKnownFileType</key>
			<string>sourcecode.c.objc</string>
			<key>name</key>
			<string>CoreDataViewCollectionController.m</string>
			<key>path</key>
			<string>CoreData-Views-Collection-ios/Classes/CoreDataViewCollectionController.m</string>
			<key>sourceTree</key>
			<string>SOURCE_ROOT</string>
		</dict>
		<key>55043F18195B7120005543BC</key>
		<dict>
			<key>fileEncoding</key>
			<string>4</string>
			<key>isa</key>
			<string>PBXFileReference</string>
			<key>lastKnownFileType</key>
			<string>sourcecode.c.h</string>
			<key>name</key>
			<string>CoreDataViewController.h</string>
			<key>path</key>
			<string>CoreData-Views-Collection-ios/Classes/CoreDataViewController.h</string>
			<key>sourceTree</key>
			<string>SOURCE_ROOT</string>
		</dict>
		<key>55043F19195B7120005543BC</key>
		<dict>
			<key>fileEncoding</key>
			<string>4</string>
			<key>isa</key>
			<string>PBXFileReference</string>
			<key>lastKnownFileType</key>
			<string>sourcecode.c.objc</string>
			<key>name</key>
			<string>CoreDataViewController.m</string>
			<key>path</key>
			<string>CoreData-Views-Collection-ios/Classes/CoreDataViewController.m</string>
			<key>sourceTree</key>
			<string>SOURCE_ROOT</string>
		</dict>
		<key>55043F1A195B7120005543BC</key>
		<dict>
			<key>fileEncoding</key>
			<string>4</string>
			<key>isa</key>
			<string>PBXFileReference</string>
			<key>lastKnownFileType</key>
			<string>sourcecode.c.h</string>
			<key>name</key>
			<string>CoreDataViewsCollectionLogging.h</string>
			<key>path</key>
			<string>CoreData-Views-Collection-ios/Classes/CoreDataViewsCollectionLogging.h</string>
			<key>sourceTree</key>
			<string>SOURCE_ROOT</string>
		</dict>
		<key>55043F1B195B7120005543BC</key>
		<dict>
			<key>fileRef</key>
			<string>55043F11195B7120005543BC</string>
			<key>isa</key>
			<string>PBXBuildFile</string>
		</dict>
		<key>55043F1C195B7120005543BC</key>
		<dict>
			<key>fileRef</key>
			<string>55043F13195B7120005543BC</string>
			<key>isa</key>
			<string>PBXBuildFile</string>
		</dict>
		<key>55043F1D195B7120005543BC</key>
		<dict>
			<key>fileRef</key>
			<string>55043F15195B7120005543BC</string>
			<key>isa</key>
			<string>PBXBuildFile</string>
		</dict>
		<key>55043F1E195B7120005543BC</key>
		<dict>
			<key>fileRef</key>
			<string>55043F17195B7120005543BC</string>
			<key>isa</key>
			<string>PBXBuildFile</string>
		</dict>
		<key>55043F1F195B7120005543BC</key>
		<dict>
			<key>fileRef</key>
			<string>55043F19195B7120005543BC</string>
			<key>isa</key>
			<string>PBXBuildFile</string>
		</dict>
		<key>55AEDC11195B695D00711B85</key>
		<dict>
			<key>children</key>
			<array>
				<string>55AEDC1F195B695D00711B85</string>
				<string>55AEDC33195B695D00711B85</string>
				<string>55AEDC1C195B695D00711B85</string>
				<string>55AEDC1B195B695D00711B85</string>
				<string>978C872CFF0E76005C450B7D</string>
			</array>
			<key>isa</key>
			<string>PBXGroup</string>
			<key>sourceTree</key>
			<string>&lt;group&gt;</string>
		</dict>
		<key>55AEDC12195B695D00711B85</key>
		<dict>
			<key>attributes</key>
			<dict>
				<key>LastUpgradeCheck</key>
				<string>0510</string>
				<key>ORGANIZATIONNAME</key>
				<string>GenieBelt</string>
			</dict>
			<key>buildConfigurationList</key>
			<string>55AEDC15195B695D00711B85</string>
			<key>compatibilityVersion</key>
			<string>Xcode 3.2</string>
			<key>developmentRegion</key>
			<string>English</string>
			<key>hasScannedForEncodings</key>
			<string>0</string>
			<key>isa</key>
			<string>PBXProject</string>
			<key>knownRegions</key>
			<array>
				<string>en</string>
			</array>
			<key>mainGroup</key>
			<string>55AEDC11195B695D00711B85</string>
			<key>productRefGroup</key>
			<string>55AEDC1B195B695D00711B85</string>
			<key>projectDirPath</key>
			<string></string>
			<key>projectReferences</key>
			<array/>
			<key>projectRoot</key>
			<string></string>
			<key>targets</key>
			<array>
				<string>55AEDC19195B695D00711B85</string>
				<string>55AEDC29195B695D00711B85</string>
			</array>
		</dict>
		<key>55AEDC15195B695D00711B85</key>
		<dict>
			<key>buildConfigurations</key>
			<array>
				<string>55AEDC3B195B695D00711B85</string>
				<string>55AEDC3C195B695D00711B85</string>
			</array>
			<key>defaultConfigurationIsVisible</key>
			<string>0</string>
			<key>defaultConfigurationName</key>
			<string>Release</string>
			<key>isa</key>
			<string>XCConfigurationList</string>
		</dict>
		<key>55AEDC16195B695D00711B85</key>
		<dict>
			<key>buildActionMask</key>
			<string>2147483647</string>
			<key>files</key>
			<array>
				<string>55043F1C195B7120005543BC</string>
				<string>55DA2BC3196F3D8000346AA0</string>
				<string>55D3575A197C77EE004A4B4F</string>
				<string>55DA2BC4196F3D8000346AA0</string>
				<string>55043F1B195B7120005543BC</string>
				<string>55043F1D195B7120005543BC</string>
				<string>55D3575C197C77EE004A4B4F</string>
				<string>55043F1F195B7120005543BC</string>
				<string>55043F1E195B7120005543BC</string>
				<string>55D3575B197C77EE004A4B4F</string>
			</array>
			<key>isa</key>
			<string>PBXSourcesBuildPhase</string>
			<key>runOnlyForDeploymentPostprocessing</key>
			<string>0</string>
		</dict>
		<key>55AEDC17195B695D00711B85</key>
		<dict>
			<key>buildActionMask</key>
			<string>2147483647</string>
			<key>files</key>
			<array>
				<string>55043F0F195B6B8E005543BC</string>
				<string>55AEDC44195B698E00711B85</string>
				<string>55AEDC1E195B695D00711B85</string>
				<string>D984402D65179C367B123F28</string>
			</array>
			<key>isa</key>
			<string>PBXFrameworksBuildPhase</string>
			<key>runOnlyForDeploymentPostprocessing</key>
			<string>0</string>
		</dict>
		<key>55AEDC18195B695D00711B85</key>
		<dict>
			<key>buildActionMask</key>
			<string>2147483647</string>
			<key>dstPath</key>
			<string>include/$(PRODUCT_NAME)</string>
			<key>dstSubfolderSpec</key>
			<string>16</string>
			<key>files</key>
			<array/>
			<key>isa</key>
			<string>PBXCopyFilesBuildPhase</string>
			<key>runOnlyForDeploymentPostprocessing</key>
			<string>0</string>
		</dict>
		<key>55AEDC19195B695D00711B85</key>
		<dict>
			<key>buildConfigurationList</key>
			<string>55AEDC3D195B695D00711B85</string>
			<key>buildPhases</key>
			<array>
				<string>8ABD86C03F0770AB5C7A9586</string>
				<string>55AEDC16195B695D00711B85</string>
				<string>55AEDC17195B695D00711B85</string>
				<string>55AEDC18195B695D00711B85</string>
				<string>904C9E7FDF5FFF9DC8870D08</string>
			</array>
			<key>buildRules</key>
			<array/>
			<key>dependencies</key>
			<array/>
			<key>isa</key>
			<string>PBXNativeTarget</string>
			<key>name</key>
			<string>CoreData-Views-Collection-ios</string>
			<key>productName</key>
			<string>CoreData-Views-Collection-ios</string>
			<key>productReference</key>
			<string>55AEDC1A195B695D00711B85</string>
			<key>productType</key>
			<string>com.apple.product-type.library.static</string>
		</dict>
		<key>55AEDC1A195B695D00711B85</key>
		<dict>
			<key>explicitFileType</key>
			<string>archive.ar</string>
			<key>includeInIndex</key>
			<string>0</string>
			<key>isa</key>
			<string>PBXFileReference</string>
			<key>path</key>
			<string>libCoreData-Views-Collection-ios.a</string>
			<key>sourceTree</key>
			<string>BUILT_PRODUCTS_DIR</string>
		</dict>
		<key>55AEDC1B195B695D00711B85</key>
		<dict>
			<key>children</key>
			<array>
				<string>55AEDC1A195B695D00711B85</string>
				<string>55AEDC2A195B695D00711B85</string>
			</array>
			<key>isa</key>
			<string>PBXGroup</string>
			<key>name</key>
			<string>Products</string>
			<key>sourceTree</key>
			<string>&lt;group&gt;</string>
		</dict>
		<key>55AEDC1C195B695D00711B85</key>
		<dict>
			<key>children</key>
			<array>
				<string>55043F0E195B6B8E005543BC</string>
				<string>55AEDC43195B698E00711B85</string>
				<string>55AEDC1D195B695D00711B85</string>
				<string>55AEDC2B195B695D00711B85</string>
				<string>55AEDC2E195B695D00711B85</string>
				<string>1D3CD912828503DE5893C022</string>
				<string>CC675583C7AB419E2035A485</string>
			</array>
			<key>isa</key>
			<string>PBXGroup</string>
			<key>name</key>
			<string>Frameworks</string>
			<key>sourceTree</key>
			<string>&lt;group&gt;</string>
		</dict>
		<key>55AEDC1D195B695D00711B85</key>
		<dict>
			<key>isa</key>
			<string>PBXFileReference</string>
			<key>lastKnownFileType</key>
			<string>wrapper.framework</string>
			<key>name</key>
			<string>Foundation.framework</string>
			<key>path</key>
			<string>System/Library/Frameworks/Foundation.framework</string>
			<key>sourceTree</key>
			<string>SDKROOT</string>
		</dict>
		<key>55AEDC1E195B695D00711B85</key>
		<dict>
			<key>fileRef</key>
			<string>55AEDC1D195B695D00711B85</string>
			<key>isa</key>
			<string>PBXBuildFile</string>
		</dict>
		<key>55AEDC1F195B695D00711B85</key>
		<dict>
			<key>children</key>
			<array>
				<string>55DA2BBE196F3D6800346AA0</string>
				<string>55043EF8195B6A91005543BC</string>
				<string>55AEDC20195B695D00711B85</string>
			</array>
			<key>isa</key>
			<string>PBXGroup</string>
			<key>path</key>
			<string>CoreData-Views-Collection-ios</string>
			<key>sourceTree</key>
			<string>&lt;group&gt;</string>
		</dict>
		<key>55AEDC20195B695D00711B85</key>
		<dict>
			<key>children</key>
			<array>
				<string>55AEDC21195B695D00711B85</string>
			</array>
			<key>isa</key>
			<string>PBXGroup</string>
			<key>name</key>
			<string>Supporting Files</string>
			<key>sourceTree</key>
			<string>&lt;group&gt;</string>
		</dict>
		<key>55AEDC21195B695D00711B85</key>
		<dict>
			<key>isa</key>
			<string>PBXFileReference</string>
			<key>lastKnownFileType</key>
			<string>sourcecode.c.h</string>
			<key>path</key>
			<string>CoreData-Views-Collection-ios-Prefix.pch</string>
			<key>sourceTree</key>
			<string>&lt;group&gt;</string>
		</dict>
		<key>55AEDC26195B695D00711B85</key>
		<dict>
			<key>buildActionMask</key>
			<string>2147483647</string>
			<key>files</key>
			<array>
				<string>55AEDC3A195B695D00711B85</string>
			</array>
			<key>isa</key>
			<string>PBXSourcesBuildPhase</string>
			<key>runOnlyForDeploymentPostprocessing</key>
			<string>0</string>
		</dict>
		<key>55AEDC27195B695D00711B85</key>
		<dict>
			<key>buildActionMask</key>
			<string>2147483647</string>
			<key>files</key>
			<array>
				<string>55AEDC2C195B695D00711B85</string>
				<string>55AEDC2F195B695D00711B85</string>
				<string>55AEDC2D195B695D00711B85</string>
				<string>55AEDC32195B695D00711B85</string>
				<string>448556154A0ACE95BCAB1157</string>
			</array>
			<key>isa</key>
			<string>PBXFrameworksBuildPhase</string>
			<key>runOnlyForDeploymentPostprocessing</key>
			<string>0</string>
		</dict>
		<key>55AEDC28195B695D00711B85</key>
		<dict>
			<key>buildActionMask</key>
			<string>2147483647</string>
			<key>files</key>
			<array>
				<string>55AEDC38195B695D00711B85</string>
			</array>
			<key>isa</key>
			<string>PBXResourcesBuildPhase</string>
			<key>runOnlyForDeploymentPostprocessing</key>
			<string>0</string>
		</dict>
		<key>55AEDC29195B695D00711B85</key>
		<dict>
			<key>buildConfigurationList</key>
			<string>55AEDC40195B695D00711B85</string>
			<key>buildPhases</key>
			<array>
				<string>9A646B5E03C0F687E4CBEA74</string>
				<string>55AEDC26195B695D00711B85</string>
				<string>55AEDC27195B695D00711B85</string>
				<string>55AEDC28195B695D00711B85</string>
				<string>40A18A77F83940032C2AB015</string>
				<string>5C1864B0D64BF3660FBB3153</string>
			</array>
			<key>buildRules</key>
			<array/>
			<key>dependencies</key>
			<array>
				<string>55AEDC31195B695D00711B85</string>
			</array>
			<key>isa</key>
			<string>PBXNativeTarget</string>
			<key>name</key>
			<string>CoreData-Views-Collection-iosTests</string>
			<key>productName</key>
			<string>CoreData-Views-Collection-iosTests</string>
			<key>productReference</key>
			<string>55AEDC2A195B695D00711B85</string>
			<key>productType</key>
			<string>com.apple.product-type.bundle.unit-test</string>
		</dict>
		<key>55AEDC2A195B695D00711B85</key>
		<dict>
			<key>explicitFileType</key>
			<string>wrapper.cfbundle</string>
			<key>includeInIndex</key>
			<string>0</string>
			<key>isa</key>
			<string>PBXFileReference</string>
			<key>path</key>
			<string>CoreData-Views-Collection-iosTests.xctest</string>
			<key>sourceTree</key>
			<string>BUILT_PRODUCTS_DIR</string>
		</dict>
		<key>55AEDC2B195B695D00711B85</key>
		<dict>
			<key>isa</key>
			<string>PBXFileReference</string>
			<key>lastKnownFileType</key>
			<string>wrapper.framework</string>
			<key>name</key>
			<string>XCTest.framework</string>
			<key>path</key>
			<string>Library/Frameworks/XCTest.framework</string>
			<key>sourceTree</key>
			<string>DEVELOPER_DIR</string>
		</dict>
		<key>55AEDC2C195B695D00711B85</key>
		<dict>
			<key>fileRef</key>
			<string>55AEDC2B195B695D00711B85</string>
			<key>isa</key>
			<string>PBXBuildFile</string>
		</dict>
		<key>55AEDC2D195B695D00711B85</key>
		<dict>
			<key>fileRef</key>
			<string>55AEDC1D195B695D00711B85</string>
			<key>isa</key>
			<string>PBXBuildFile</string>
		</dict>
		<key>55AEDC2E195B695D00711B85</key>
		<dict>
			<key>isa</key>
			<string>PBXFileReference</string>
			<key>lastKnownFileType</key>
			<string>wrapper.framework</string>
			<key>name</key>
			<string>UIKit.framework</string>
			<key>path</key>
			<string>Library/Frameworks/UIKit.framework</string>
			<key>sourceTree</key>
			<string>DEVELOPER_DIR</string>
		</dict>
		<key>55AEDC2F195B695D00711B85</key>
		<dict>
			<key>fileRef</key>
			<string>55AEDC2E195B695D00711B85</string>
			<key>isa</key>
			<string>PBXBuildFile</string>
		</dict>
		<key>55AEDC30195B695D00711B85</key>
		<dict>
			<key>containerPortal</key>
			<string>55AEDC12195B695D00711B85</string>
			<key>isa</key>
			<string>PBXContainerItemProxy</string>
			<key>proxyType</key>
			<string>1</string>
			<key>remoteGlobalIDString</key>
			<string>55AEDC19195B695D00711B85</string>
			<key>remoteInfo</key>
			<string>CoreData-Views-Collection-ios</string>
		</dict>
		<key>55AEDC31195B695D00711B85</key>
		<dict>
			<key>isa</key>
			<string>PBXTargetDependency</string>
			<key>target</key>
			<string>55AEDC19195B695D00711B85</string>
			<key>targetProxy</key>
			<string>55AEDC30195B695D00711B85</string>
		</dict>
		<key>55AEDC32195B695D00711B85</key>
		<dict>
			<key>fileRef</key>
			<string>55AEDC1A195B695D00711B85</string>
			<key>isa</key>
			<string>PBXBuildFile</string>
		</dict>
		<key>55AEDC33195B695D00711B85</key>
		<dict>
			<key>children</key>
			<array>
				<string>55AEDC39195B695D00711B85</string>
				<string>55AEDC34195B695D00711B85</string>
			</array>
			<key>isa</key>
			<string>PBXGroup</string>
			<key>path</key>
			<string>CoreData-Views-Collection-iosTests</string>
			<key>sourceTree</key>
			<string>&lt;group&gt;</string>
		</dict>
		<key>55AEDC34195B695D00711B85</key>
		<dict>
			<key>children</key>
			<array>
				<string>55AEDC35195B695D00711B85</string>
				<string>55AEDC36195B695D00711B85</string>
			</array>
			<key>isa</key>
			<string>PBXGroup</string>
			<key>name</key>
			<string>Supporting Files</string>
			<key>sourceTree</key>
			<string>&lt;group&gt;</string>
		</dict>
		<key>55AEDC35195B695D00711B85</key>
		<dict>
			<key>isa</key>
			<string>PBXFileReference</string>
			<key>lastKnownFileType</key>
			<string>text.plist.xml</string>
			<key>path</key>
			<string>CoreData-Views-Collection-iosTests-Info.plist</string>
			<key>sourceTree</key>
			<string>&lt;group&gt;</string>
		</dict>
		<key>55AEDC36195B695D00711B85</key>
		<dict>
			<key>children</key>
			<array>
				<string>55AEDC37195B695D00711B85</string>
			</array>
			<key>isa</key>
			<string>PBXVariantGroup</string>
			<key>name</key>
			<string>InfoPlist.strings</string>
			<key>sourceTree</key>
			<string>&lt;group&gt;</string>
		</dict>
		<key>55AEDC37195B695D00711B85</key>
		<dict>
			<key>isa</key>
			<string>PBXFileReference</string>
			<key>lastKnownFileType</key>
			<string>text.plist.strings</string>
			<key>name</key>
			<string>en</string>
			<key>path</key>
			<string>en.lproj/InfoPlist.strings</string>
			<key>sourceTree</key>
			<string>&lt;group&gt;</string>
		</dict>
		<key>55AEDC38195B695D00711B85</key>
		<dict>
			<key>fileRef</key>
			<string>55AEDC36195B695D00711B85</string>
			<key>isa</key>
			<string>PBXBuildFile</string>
		</dict>
		<key>55AEDC39195B695D00711B85</key>
		<dict>
			<key>isa</key>
			<string>PBXFileReference</string>
			<key>lastKnownFileType</key>
			<string>sourcecode.c.objc</string>
			<key>path</key>
			<string>CoreData_Views_Collection_iosTests.m</string>
			<key>sourceTree</key>
			<string>&lt;group&gt;</string>
		</dict>
		<key>55AEDC3A195B695D00711B85</key>
		<dict>
			<key>fileRef</key>
			<string>55AEDC39195B695D00711B85</string>
			<key>isa</key>
			<string>PBXBuildFile</string>
		</dict>
		<key>55AEDC3B195B695D00711B85</key>
		<dict>
			<key>buildSettings</key>
			<dict>
				<key>ALWAYS_SEARCH_USER_PATHS</key>
				<string>NO</string>
				<key>CLANG_CXX_LANGUAGE_STANDARD</key>
				<string>gnu++0x</string>
				<key>CLANG_CXX_LIBRARY</key>
				<string>libc++</string>
				<key>CLANG_ENABLE_MODULES</key>
				<string>YES</string>
				<key>CLANG_ENABLE_OBJC_ARC</key>
				<string>YES</string>
				<key>CLANG_WARN_BOOL_CONVERSION</key>
				<string>YES</string>
				<key>CLANG_WARN_CONSTANT_CONVERSION</key>
				<string>YES</string>
				<key>CLANG_WARN_DIRECT_OBJC_ISA_USAGE</key>
				<string>YES_ERROR</string>
				<key>CLANG_WARN_EMPTY_BODY</key>
				<string>YES</string>
				<key>CLANG_WARN_ENUM_CONVERSION</key>
				<string>YES</string>
				<key>CLANG_WARN_INT_CONVERSION</key>
				<string>YES</string>
				<key>CLANG_WARN_OBJC_ROOT_CLASS</key>
				<string>YES_ERROR</string>
				<key>CLANG_WARN__DUPLICATE_METHOD_MATCH</key>
				<string>YES</string>
				<key>COPY_PHASE_STRIP</key>
				<string>NO</string>
				<key>GCC_C_LANGUAGE_STANDARD</key>
				<string>gnu99</string>
				<key>GCC_DYNAMIC_NO_PIC</key>
				<string>NO</string>
				<key>GCC_OPTIMIZATION_LEVEL</key>
				<string>0</string>
				<key>GCC_PREPROCESSOR_DEFINITIONS</key>
				<array>
					<string>DEBUG=1</string>
					<string>$(inherited)</string>
				</array>
				<key>GCC_SYMBOLS_PRIVATE_EXTERN</key>
				<string>NO</string>
				<key>GCC_WARN_64_TO_32_BIT_CONVERSION</key>
				<string>YES</string>
				<key>GCC_WARN_ABOUT_RETURN_TYPE</key>
				<string>YES_ERROR</string>
				<key>GCC_WARN_UNDECLARED_SELECTOR</key>
				<string>YES</string>
				<key>GCC_WARN_UNINITIALIZED_AUTOS</key>
				<string>YES_AGGRESSIVE</string>
				<key>GCC_WARN_UNUSED_FUNCTION</key>
				<string>YES</string>
				<key>GCC_WARN_UNUSED_VARIABLE</key>
				<string>YES</string>
				<key>IPHONEOS_DEPLOYMENT_TARGET</key>
				<string>7.1</string>
				<key>ONLY_ACTIVE_ARCH</key>
				<string>YES</string>
				<key>SDKROOT</key>
				<string>iphoneos</string>
			</dict>
			<key>isa</key>
			<string>XCBuildConfiguration</string>
			<key>name</key>
			<string>Debug</string>
		</dict>
		<key>55AEDC3C195B695D00711B85</key>
		<dict>
			<key>buildSettings</key>
			<dict>
				<key>ALWAYS_SEARCH_USER_PATHS</key>
				<string>NO</string>
				<key>CLANG_CXX_LANGUAGE_STANDARD</key>
				<string>gnu++0x</string>
				<key>CLANG_CXX_LIBRARY</key>
				<string>libc++</string>
				<key>CLANG_ENABLE_MODULES</key>
				<string>YES</string>
				<key>CLANG_ENABLE_OBJC_ARC</key>
				<string>YES</string>
				<key>CLANG_WARN_BOOL_CONVERSION</key>
				<string>YES</string>
				<key>CLANG_WARN_CONSTANT_CONVERSION</key>
				<string>YES</string>
				<key>CLANG_WARN_DIRECT_OBJC_ISA_USAGE</key>
				<string>YES_ERROR</string>
				<key>CLANG_WARN_EMPTY_BODY</key>
				<string>YES</string>
				<key>CLANG_WARN_ENUM_CONVERSION</key>
				<string>YES</string>
				<key>CLANG_WARN_INT_CONVERSION</key>
				<string>YES</string>
				<key>CLANG_WARN_OBJC_ROOT_CLASS</key>
				<string>YES_ERROR</string>
				<key>CLANG_WARN__DUPLICATE_METHOD_MATCH</key>
				<string>YES</string>
				<key>COPY_PHASE_STRIP</key>
				<string>YES</string>
				<key>ENABLE_NS_ASSERTIONS</key>
				<string>NO</string>
				<key>GCC_C_LANGUAGE_STANDARD</key>
				<string>gnu99</string>
				<key>GCC_WARN_64_TO_32_BIT_CONVERSION</key>
				<string>YES</string>
				<key>GCC_WARN_ABOUT_RETURN_TYPE</key>
				<string>YES_ERROR</string>
				<key>GCC_WARN_UNDECLARED_SELECTOR</key>
				<string>YES</string>
				<key>GCC_WARN_UNINITIALIZED_AUTOS</key>
				<string>YES_AGGRESSIVE</string>
				<key>GCC_WARN_UNUSED_FUNCTION</key>
				<string>YES</string>
				<key>GCC_WARN_UNUSED_VARIABLE</key>
				<string>YES</string>
				<key>IPHONEOS_DEPLOYMENT_TARGET</key>
				<string>7.1</string>
				<key>SDKROOT</key>
				<string>iphoneos</string>
				<key>VALIDATE_PRODUCT</key>
				<string>YES</string>
			</dict>
			<key>isa</key>
			<string>XCBuildConfiguration</string>
			<key>name</key>
			<string>Release</string>
		</dict>
		<key>55AEDC3D195B695D00711B85</key>
		<dict>
			<key>buildConfigurations</key>
			<array>
				<string>55AEDC3E195B695D00711B85</string>
				<string>55AEDC3F195B695D00711B85</string>
			</array>
			<key>defaultConfigurationIsVisible</key>
			<string>0</string>
			<key>defaultConfigurationName</key>
			<string>Release</string>
			<key>isa</key>
			<string>XCConfigurationList</string>
		</dict>
		<key>55AEDC3E195B695D00711B85</key>
		<dict>
			<key>baseConfigurationReference</key>
			<string>1938214379969C494AF5186E</string>
			<key>buildSettings</key>
			<dict>
				<key>DSTROOT</key>
				<string>/tmp/CoreData_Views_Collection_ios.dst</string>
				<key>GCC_PRECOMPILE_PREFIX_HEADER</key>
				<string>YES</string>
				<key>GCC_PREFIX_HEADER</key>
				<string>CoreData-Views-Collection-ios/CoreData-Views-Collection-ios-Prefix.pch</string>
				<key>OTHER_LDFLAGS</key>
				<array>
					<string>-ObjC</string>
					<string>$(inherited)</string>
				</array>
				<key>PRODUCT_NAME</key>
				<string>$(TARGET_NAME)</string>
				<key>SKIP_INSTALL</key>
				<string>YES</string>
				<key>USER_HEADER_SEARCH_PATHS</key>
				<string>"${PROJECT_DIR}/Pods"/**</string>
			</dict>
			<key>isa</key>
			<string>XCBuildConfiguration</string>
			<key>name</key>
			<string>Debug</string>
		</dict>
		<key>55AEDC3F195B695D00711B85</key>
		<dict>
			<key>baseConfigurationReference</key>
			<string>38E1144F220624E65582ABAD</string>
			<key>buildSettings</key>
			<dict>
				<key>DSTROOT</key>
				<string>/tmp/CoreData_Views_Collection_ios.dst</string>
				<key>GCC_PRECOMPILE_PREFIX_HEADER</key>
				<string>YES</string>
				<key>GCC_PREFIX_HEADER</key>
				<string>CoreData-Views-Collection-ios/CoreData-Views-Collection-ios-Prefix.pch</string>
				<key>OTHER_LDFLAGS</key>
				<array>
					<string>-ObjC</string>
					<string>$(inherited)</string>
				</array>
				<key>PRODUCT_NAME</key>
				<string>$(TARGET_NAME)</string>
				<key>SKIP_INSTALL</key>
				<string>YES</string>
				<key>USER_HEADER_SEARCH_PATHS</key>
				<string>"${PROJECT_DIR}/Pods"/**</string>
			</dict>
			<key>isa</key>
			<string>XCBuildConfiguration</string>
			<key>name</key>
			<string>Release</string>
		</dict>
		<key>55AEDC40195B695D00711B85</key>
		<dict>
			<key>buildConfigurations</key>
			<array>
				<string>55AEDC41195B695D00711B85</string>
				<string>55AEDC42195B695D00711B85</string>
			</array>
			<key>defaultConfigurationIsVisible</key>
			<string>0</string>
			<key>defaultConfigurationName</key>
			<string>Release</string>
			<key>isa</key>
			<string>XCConfigurationList</string>
		</dict>
		<key>55AEDC41195B695D00711B85</key>
		<dict>
			<key>baseConfigurationReference</key>
			<string>4C6D3C642E1FA23014FBB1A5</string>
			<key>buildSettings</key>
			<dict>
				<key>FRAMEWORK_SEARCH_PATHS</key>
				<array>
					<string>$(SDKROOT)/Developer/Library/Frameworks</string>
					<string>$(inherited)</string>
					<string>$(DEVELOPER_FRAMEWORKS_DIR)</string>
				</array>
				<key>GCC_PRECOMPILE_PREFIX_HEADER</key>
				<string>YES</string>
				<key>GCC_PREFIX_HEADER</key>
				<string>CoreData-Views-Collection-ios/CoreData-Views-Collection-ios-Prefix.pch</string>
				<key>GCC_PREPROCESSOR_DEFINITIONS</key>
				<array>
					<string>DEBUG=1</string>
					<string>$(inherited)</string>
				</array>
				<key>INFOPLIST_FILE</key>
				<string>CoreData-Views-Collection-iosTests/CoreData-Views-Collection-iosTests-Info.plist</string>
				<key>PRODUCT_NAME</key>
				<string>$(TARGET_NAME)</string>
				<key>WRAPPER_EXTENSION</key>
				<string>xctest</string>
			</dict>
			<key>isa</key>
			<string>XCBuildConfiguration</string>
			<key>name</key>
			<string>Debug</string>
		</dict>
		<key>55AEDC42195B695D00711B85</key>
		<dict>
			<key>baseConfigurationReference</key>
			<string>049BC600DCBD5D999D5B0442</string>
			<key>buildSettings</key>
			<dict>
				<key>FRAMEWORK_SEARCH_PATHS</key>
				<array>
					<string>$(SDKROOT)/Developer/Library/Frameworks</string>
					<string>$(inherited)</string>
					<string>$(DEVELOPER_FRAMEWORKS_DIR)</string>
				</array>
				<key>GCC_PRECOMPILE_PREFIX_HEADER</key>
				<string>YES</string>
				<key>GCC_PREFIX_HEADER</key>
				<string>CoreData-Views-Collection-ios/CoreData-Views-Collection-ios-Prefix.pch</string>
				<key>INFOPLIST_FILE</key>
				<string>CoreData-Views-Collection-iosTests/CoreData-Views-Collection-iosTests-Info.plist</string>
				<key>PRODUCT_NAME</key>
				<string>$(TARGET_NAME)</string>
				<key>WRAPPER_EXTENSION</key>
				<string>xctest</string>
			</dict>
			<key>isa</key>
			<string>XCBuildConfiguration</string>
			<key>name</key>
			<string>Release</string>
		</dict>
		<key>55AEDC43195B698E00711B85</key>
		<dict>
			<key>isa</key>
			<string>PBXFileReference</string>
			<key>lastKnownFileType</key>
			<string>wrapper.framework</string>
			<key>name</key>
			<string>CoreData.framework</string>
			<key>path</key>
			<string>System/Library/Frameworks/CoreData.framework</string>
			<key>sourceTree</key>
			<string>SDKROOT</string>
		</dict>
		<key>55AEDC44195B698E00711B85</key>
		<dict>
			<key>fileRef</key>
			<string>55AEDC43195B698E00711B85</string>
			<key>isa</key>
			<string>PBXBuildFile</string>
		</dict>
		<key>55D35754197C77EE004A4B4F</key>
		<dict>
			<key>fileEncoding</key>
			<string>4</string>
			<key>isa</key>
			<string>PBXFileReference</string>
			<key>lastKnownFileType</key>
			<string>sourcecode.c.h</string>
			<key>name</key>
			<string>CoreDataCollectionChange.h</string>
			<key>path</key>
			<string>CoreData-Views-Collection-ios/Classes/CoreDataCollectionChange.h</string>
			<key>sourceTree</key>
			<string>SOURCE_ROOT</string>
		</dict>
		<key>55D35755197C77EE004A4B4F</key>
		<dict>
			<key>fileEncoding</key>
			<string>4</string>
			<key>isa</key>
			<string>PBXFileReference</string>
			<key>lastKnownFileType</key>
			<string>sourcecode.c.objc</string>
			<key>name</key>
			<string>CoreDataCollectionChange.m</string>
			<key>path</key>
			<string>CoreData-Views-Collection-ios/Classes/CoreDataCollectionChange.m</string>
			<key>sourceTree</key>
			<string>SOURCE_ROOT</string>
		</dict>
		<key>55D35756197C77EE004A4B4F</key>
		<dict>
			<key>fileEncoding</key>
			<string>4</string>
			<key>isa</key>
			<string>PBXFileReference</string>
			<key>lastKnownFileType</key>
			<string>sourcecode.c.h</string>
			<key>name</key>
			<string>CoreDataCollectionObjectChange.h</string>
			<key>path</key>
			<string>CoreData-Views-Collection-ios/Classes/CoreDataCollectionObjectChange.h</string>
			<key>sourceTree</key>
			<string>SOURCE_ROOT</string>
		</dict>
		<key>55D35757197C77EE004A4B4F</key>
		<dict>
			<key>fileEncoding</key>
			<string>4</string>
			<key>isa</key>
			<string>PBXFileReference</string>
			<key>lastKnownFileType</key>
			<string>sourcecode.c.objc</string>
			<key>name</key>
			<string>CoreDataCollectionObjectChange.m</string>
			<key>path</key>
			<string>CoreData-Views-Collection-ios/Classes/CoreDataCollectionObjectChange.m</string>
			<key>sourceTree</key>
			<string>SOURCE_ROOT</string>
		</dict>
		<key>55D35758197C77EE004A4B4F</key>
		<dict>
			<key>fileEncoding</key>
			<string>4</string>
			<key>isa</key>
			<string>PBXFileReference</string>
			<key>lastKnownFileType</key>
			<string>sourcecode.c.h</string>
			<key>name</key>
			<string>CoreDataCollectionSectionChange.h</string>
			<key>path</key>
			<string>CoreData-Views-Collection-ios/Classes/CoreDataCollectionSectionChange.h</string>
			<key>sourceTree</key>
			<string>SOURCE_ROOT</string>
		</dict>
		<key>55D35759197C77EE004A4B4F</key>
		<dict>
			<key>fileEncoding</key>
			<string>4</string>
			<key>isa</key>
			<string>PBXFileReference</string>
			<key>lastKnownFileType</key>
			<string>sourcecode.c.objc</string>
			<key>name</key>
			<string>CoreDataCollectionSectionChange.m</string>
			<key>path</key>
			<string>CoreData-Views-Collection-ios/Classes/CoreDataCollectionSectionChange.m</string>
			<key>sourceTree</key>
			<string>SOURCE_ROOT</string>
		</dict>
		<key>55D3575A197C77EE004A4B4F</key>
		<dict>
			<key>fileRef</key>
			<string>55D35755197C77EE004A4B4F</string>
			<key>isa</key>
			<string>PBXBuildFile</string>
		</dict>
		<key>55D3575B197C77EE004A4B4F</key>
		<dict>
			<key>fileRef</key>
			<string>55D35757197C77EE004A4B4F</string>
			<key>isa</key>
			<string>PBXBuildFile</string>
		</dict>
		<key>55D3575C197C77EE004A4B4F</key>
		<dict>
			<key>fileRef</key>
			<string>55D35759197C77EE004A4B4F</string>
			<key>isa</key>
			<string>PBXBuildFile</string>
		</dict>
		<key>55DA2BBE196F3D6800346AA0</key>
		<dict>
			<key>children</key>
			<array>
				<string>55DA2BBF196F3D8000346AA0</string>
				<string>55DA2BC0196F3D8000346AA0</string>
				<string>55DA2BC1196F3D8000346AA0</string>
				<string>55DA2BC2196F3D8000346AA0</string>
			</array>
			<key>isa</key>
			<string>PBXGroup</string>
			<key>name</key>
			<string>Util</string>
			<key>sourceTree</key>
			<string>&lt;group&gt;</string>
		</dict>
		<key>55DA2BBF196F3D8000346AA0</key>
		<dict>
			<key>fileEncoding</key>
			<string>4</string>
			<key>isa</key>
			<string>PBXFileReference</string>
			<key>lastKnownFileType</key>
			<string>sourcecode.c.h</string>
			<key>name</key>
			<string>UIView+FindFirstResponder.h</string>
			<key>path</key>
			<string>Classes/UIView+FindFirstResponder.h</string>
			<key>sourceTree</key>
			<string>&lt;group&gt;</string>
		</dict>
		<key>55DA2BC0196F3D8000346AA0</key>
		<dict>
			<key>fileEncoding</key>
			<string>4</string>
			<key>isa</key>
			<string>PBXFileReference</string>
			<key>lastKnownFileType</key>
			<string>sourcecode.c.objc</string>
			<key>name</key>
			<string>UIView+FindFirstResponder.m</string>
			<key>path</key>
			<string>Classes/UIView+FindFirstResponder.m</string>
			<key>sourceTree</key>
			<string>&lt;group&gt;</string>
		</dict>
		<key>55DA2BC1196F3D8000346AA0</key>
		<dict>
			<key>fileEncoding</key>
			<string>4</string>
			<key>isa</key>
			<string>PBXFileReference</string>
			<key>lastKnownFileType</key>
			<string>sourcecode.c.h</string>
			<key>name</key>
			<string>UIViewUtils.h</string>
			<key>path</key>
			<string>Classes/UIViewUtils.h</string>
			<key>sourceTree</key>
			<string>&lt;group&gt;</string>
		</dict>
		<key>55DA2BC2196F3D8000346AA0</key>
		<dict>
			<key>fileEncoding</key>
			<string>4</string>
			<key>isa</key>
			<string>PBXFileReference</string>
			<key>lastKnownFileType</key>
			<string>sourcecode.c.objc</string>
			<key>name</key>
			<string>UIViewUtils.m</string>
			<key>path</key>
			<string>Classes/UIViewUtils.m</string>
			<key>sourceTree</key>
			<string>&lt;group&gt;</string>
		</dict>
		<key>55DA2BC3196F3D8000346AA0</key>
		<dict>
			<key>fileRef</key>
			<string>55DA2BC0196F3D8000346AA0</string>
			<key>isa</key>
			<string>PBXBuildFile</string>
		</dict>
		<key>55DA2BC4196F3D8000346AA0</key>
		<dict>
			<key>fileRef</key>
			<string>55DA2BC2196F3D8000346AA0</string>
			<key>isa</key>
			<string>PBXBuildFile</string>
		</dict>
		<key>5C1864B0D64BF3660FBB3153</key>
		<dict>
			<key>buildActionMask</key>
			<string>2147483647</string>
			<key>files</key>
			<array/>
			<key>inputPaths</key>
			<array/>
			<key>isa</key>
			<string>PBXShellScriptBuildPhase</string>
			<key>name</key>
			<string>[CP] Copy Pods Resources</string>
			<key>outputPaths</key>
			<array/>
			<key>runOnlyForDeploymentPostprocessing</key>
			<string>0</string>
			<key>shellPath</key>
			<string>/bin/sh</string>
			<key>shellScript</key>
			<string>"${SRCROOT}/Pods/Target Support Files/Pods-CoreData-Views-Collection-iosTests/Pods-CoreData-Views-Collection-iosTests-resources.sh"
</string>
			<key>showEnvVarsInLog</key>
			<string>0</string>
		</dict>
		<key>8ABD86C03F0770AB5C7A9586</key>
		<dict>
			<key>buildActionMask</key>
			<string>2147483647</string>
			<key>files</key>
			<array/>
			<key>inputPaths</key>
			<array/>
			<key>isa</key>
			<string>PBXShellScriptBuildPhase</string>
			<key>name</key>
			<string>[CP] Check Pods Manifest.lock</string>
			<key>outputPaths</key>
			<array/>
			<key>runOnlyForDeploymentPostprocessing</key>
			<string>0</string>
			<key>shellPath</key>
			<string>/bin/sh</string>
			<key>shellScript</key>
			<string>diff "${PODS_ROOT}/../Podfile.lock" "${PODS_ROOT}/Manifest.lock" &gt; /dev/null
if [[ $? != 0 ]] ; then
    cat &lt;&lt; EOM
error: The sandbox is not in sync with the Podfile.lock. Run 'pod install' or update your CocoaPods installation.
EOM
    exit 1
fi
</string>
			<key>showEnvVarsInLog</key>
			<string>0</string>
		</dict>
		<key>904C9E7FDF5FFF9DC8870D08</key>
		<dict>
			<key>buildActionMask</key>
			<string>2147483647</string>
			<key>files</key>
			<array/>
			<key>inputPaths</key>
			<array/>
			<key>isa</key>
			<string>PBXShellScriptBuildPhase</string>
			<key>name</key>
			<string>[CP] Copy Pods Resources</string>
			<key>outputPaths</key>
			<array/>
			<key>runOnlyForDeploymentPostprocessing</key>
			<string>0</string>
			<key>shellPath</key>
			<string>/bin/sh</string>
			<key>shellScript</key>
			<string>"${SRCROOT}/Pods/Target Support Files/Pods-CoreData-Views-Collection-ios/Pods-CoreData-Views-Collection-ios-resources.sh"
</string>
			<key>showEnvVarsInLog</key>
			<string>0</string>
		</dict>
		<key>978C872CFF0E76005C450B7D</key>
		<dict>
			<key>children</key>
			<array>
				<string>1938214379969C494AF5186E</string>
				<string>38E1144F220624E65582ABAD</string>
				<string>4C6D3C642E1FA23014FBB1A5</string>
				<string>049BC600DCBD5D999D5B0442</string>
			</array>
			<key>isa</key>
			<string>PBXGroup</string>
			<key>name</key>
			<string>Pods</string>
			<key>sourceTree</key>
			<string>&lt;group&gt;</string>
		</dict>
		<key>9A646B5E03C0F687E4CBEA74</key>
		<dict>
			<key>buildActionMask</key>
			<string>2147483647</string>
			<key>files</key>
			<array/>
			<key>inputPaths</key>
			<array/>
			<key>isa</key>
			<string>PBXShellScriptBuildPhase</string>
			<key>name</key>
			<string>[CP] Check Pods Manifest.lock</string>
			<key>outputPaths</key>
			<array/>
			<key>runOnlyForDeploymentPostprocessing</key>
			<string>0</string>
			<key>shellPath</key>
			<string>/bin/sh</string>
			<key>shellScript</key>
			<string>diff "${PODS_ROOT}/../Podfile.lock" "${PODS_ROOT}/Manifest.lock" &gt; /dev/null
if [[ $? != 0 ]] ; then
    cat &lt;&lt; EOM
error: The sandbox is not in sync with the Podfile.lock. Run 'pod install' or update your CocoaPods installation.
EOM
    exit 1
fi
</string>
			<key>showEnvVarsInLog</key>
			<string>0</string>
		</dict>
		<key>CC675583C7AB419E2035A485</key>
		<dict>
			<key>explicitFileType</key>
			<string>archive.ar</string>
			<key>includeInIndex</key>
			<string>0</string>
			<key>isa</key>
			<string>PBXFileReference</string>
			<key>path</key>
			<string>libPods-CoreData-Views-Collection-iosTests.a</string>
			<key>sourceTree</key>
			<string>BUILT_PRODUCTS_DIR</string>
		</dict>
		<key>D984402D65179C367B123F28</key>
		<dict>
			<key>fileRef</key>
			<string>1D3CD912828503DE5893C022</string>
			<key>isa</key>
			<string>PBXBuildFile</string>
		</dict>
	</dict>
	<key>rootObject</key>
	<string>55AEDC12195B695D00711B85</string>
</dict>
</plist>
