PODS:
  - CocoaLumberjack (3.4.1):
    - CocoaLumberjack/Default (= 3.4.1)
    - CocoaLumberjack/Extensions (= 3.4.1)
  - CocoaLumberjack/Default (3.4.1)
  - CocoaLumberjack/Extensions (3.4.1):
    - CocoaLumberjack/Default
  - DateTools (2.0.0)
  - Gb-Gantt (0.1.28):
    - DateTools
  - LifetimeTracker (1.3.3)

DEPENDENCIES:
  - CocoaLumberjack
  - Gb-Gantt
  - LifetimeTracker

SPEC CHECKSUMS:
  CocoaLumberjack: 2e258a064cacc8eb9a2aca318e24d02a0a7fd56d
  DateTools: 933ac9c490f21f92127cf690ccd8c397e0126caf
  Gb-Gantt: 7768f77e412464a3140c83ed9c43c72b6c6b94e7
  LifetimeTracker: c4b2e213e2ee0c5a153d9472ae2e9e2337696ad5

PODFILE CHECKSUM: d3a6c04daa37dc98f54a3fb3516418d9fb866c83

COCOAPODS: 1.4.0
